// !$*UTF8*$!
{
	archiveVersion = 1;
	classes = {
	};
	objectVersion = 52;
	objects = {

/* Begin PBXBuildFile section */
		3A85D10C2582B9A600636BA4 /* TabBar.swift in Sources */ = {isa = PBXBuildFile; fileRef = 3A85D10B2582B9A600636BA4 /* TabBar.swift */; };
		3AE332422582A02B00FBDB3E /* Assets.xcassets in Resources */ = {isa = PBXBuildFile; fileRef = 3AE3322D2582A02B00FBDB3E /* Assets.xcassets */; };
		3AE332432582A02B00FBDB3E /* Assets.xcassets in Resources */ = {isa = PBXBuildFile; fileRef = 3AE3322D2582A02B00FBDB3E /* Assets.xcassets */; };
		4B4CC1EA289381A2001F6FB4 /* Starscream in Frameworks */ = {isa = PBXBuildFile; productRef = 4B4CC1E9289381A2001F6FB4 /* Starscream */; };
		4B4CC2FA28938AE3001F6FB4 /* Info-ios.plist in Resources */ = {isa = PBXBuildFile; fileRef = 3AE332352582A02B00FBDB3E /* Info-ios.plist */; };
		4B4CC2FB28938B01001F6FB4 /* Info-macos.plist in Resources */ = {isa = PBXBuildFile; fileRef = 3AE3323C2582A02B00FBDB3E /* Info-macos.plist */; };
		4B4CC2FC28938B57001F6FB4 /* Profiles.swift in Sources */ = {isa = PBXBuildFile; fileRef = 4B4CC24928938396001F6FB4 /* Profiles.swift */; };
		4B4CC30728938D61001F6FB4 /* SideBar.swift in Sources */ = {isa = PBXBuildFile; fileRef = 3A85D1152582BA4500636BA4 /* SideBar.swift */; };
		4B4CC30928938D84001F6FB4 /* Article.swift in Sources */ = {isa = PBXBuildFile; fileRef = 3AE332802582AF2300FBDB3E /* Article.swift */; };
		4B4CC30E28938E6F001F6FB4 /* ArticleView.swift in Sources */ = {isa = PBXBuildFile; fileRef = 3A85D10F2582B9DC00636BA4 /* ArticleView.swift */; };
		4B4CC31028938E74001F6FB4 /* ArticlesListView.swift in Sources */ = {isa = PBXBuildFile; fileRef = 3AE332742582AE2700FBDB3E /* ArticlesListView.swift */; };
		4B4CC31228938E87001F6FB4 /* MainView.swift in Sources */ = {isa = PBXBuildFile; fileRef = 3A030AD325840BDE0012228D /* MainView.swift */; };
		4B4CC31528938FD2001F6FB4 /* HomeModel.swift in Sources */ = {isa = PBXBuildFile; fileRef = 4B4CC1EF28938379001F6FB4 /* HomeModel.swift */; };
		4B4CC3162893900E001F6FB4 /* TimelineView.swift in Sources */ = {isa = PBXBuildFile; fileRef = 4B4CC2A428938437001F6FB4 /* TimelineView.swift */; };
		4B4CC31728939029001F6FB4 /* SearchView.swift in Sources */ = {isa = PBXBuildFile; fileRef = 4B4CC29D28938437001F6FB4 /* SearchView.swift */; };
		4B4CC31828939029001F6FB4 /* ProfilePictureSelector.swift in Sources */ = {isa = PBXBuildFile; fileRef = 4B4CC2A628938437001F6FB4 /* ProfilePictureSelector.swift */; };
		4B4CC31928939029001F6FB4 /* ReplyQuoteView.swift in Sources */ = {isa = PBXBuildFile; fileRef = 4B4CC29928938437001F6FB4 /* ReplyQuoteView.swift */; };
		4B4CC31A28939029001F6FB4 /* NoteContentView.swift in Sources */ = {isa = PBXBuildFile; fileRef = 4B4CC28F28938437001F6FB4 /* NoteContentView.swift */; };
		4B4CC31B28939029001F6FB4 /* MentionView.swift in Sources */ = {isa = PBXBuildFile; fileRef = 4B4CC29128938437001F6FB4 /* MentionView.swift */; };
		4B4CC31C28939029001F6FB4 /* CarouselView.swift in Sources */ = {isa = PBXBuildFile; fileRef = 4B4CC2A728938437001F6FB4 /* CarouselView.swift */; };
		4B4CC31D28939029001F6FB4 /* ThreadView.swift in Sources */ = {isa = PBXBuildFile; fileRef = 4B4CC29B28938437001F6FB4 /* ThreadView.swift */; };
		4B4CC31E28939029001F6FB4 /* DMView.swift in Sources */ = {isa = PBXBuildFile; fileRef = 4B4CC29528938437001F6FB4 /* DMView.swift */; };
		4B4CC31F28939029001F6FB4 /* ReplyView.swift in Sources */ = {isa = PBXBuildFile; fileRef = 4B4CC2A328938437001F6FB4 /* ReplyView.swift */; };
		4B4CC32028939029001F6FB4 /* CreateAccountView.swift in Sources */ = {isa = PBXBuildFile; fileRef = 4B4CC28C28938437001F6FB4 /* CreateAccountView.swift */; };
		4B4CC32128939029001F6FB4 /* BlocksView.swift in Sources */ = {isa = PBXBuildFile; fileRef = 4B4CC2A128938437001F6FB4 /* BlocksView.swift */; };
		4B4CC32228939029001F6FB4 /* ProfileView.swift in Sources */ = {isa = PBXBuildFile; fileRef = 4B4CC29F28938437001F6FB4 /* ProfileView.swift */; };
		4B4CC32328939029001F6FB4 /* SearchHomeView.swift in Sources */ = {isa = PBXBuildFile; fileRef = 4B4CC29A28938437001F6FB4 /* SearchHomeView.swift */; };
		4B4CC32428939029001F6FB4 /* EventActionBar.swift in Sources */ = {isa = PBXBuildFile; fileRef = 4B4CC28728938437001F6FB4 /* EventActionBar.swift */; };
		4B4CC32528939029001F6FB4 /* LoginView.swift in Sources */ = {isa = PBXBuildFile; fileRef = 4B4CC29728938437001F6FB4 /* LoginView.swift */; };
		4B4CC32628939029001F6FB4 /* SetupView.swift in Sources */ = {isa = PBXBuildFile; fileRef = 4B4CC29828938437001F6FB4 /* SetupView.swift */; };
		4B4CC32728939029001F6FB4 /* DirectMessagesView.swift in Sources */ = {isa = PBXBuildFile; fileRef = 4B4CC28A28938437001F6FB4 /* DirectMessagesView.swift */; };
		4B4CC32828939029001F6FB4 /* MainTabView.swift in Sources */ = {isa = PBXBuildFile; fileRef = 4B4CC28E28938437001F6FB4 /* MainTabView.swift */; };
		4B4CC32928939029001F6FB4 /* ConfigView.swift in Sources */ = {isa = PBXBuildFile; fileRef = 4B4CC29028938437001F6FB4 /* ConfigView.swift */; };
		4B4CC32A28939029001F6FB4 /* DMChatView.swift in Sources */ = {isa = PBXBuildFile; fileRef = 4B4CC2A028938437001F6FB4 /* DMChatView.swift */; };
		4B4CC32B28939029001F6FB4 /* EventView.swift in Sources */ = {isa = PBXBuildFile; fileRef = 4B4CC2A528938437001F6FB4 /* EventView.swift */; };
		4B4CC32C28939029001F6FB4 /* FollowButtonView.swift in Sources */ = {isa = PBXBuildFile; fileRef = 4B4CC29228938437001F6FB4 /* FollowButtonView.swift */; };
		4B4CC32D28939029001F6FB4 /* SearchResultsView.swift in Sources */ = {isa = PBXBuildFile; fileRef = 4B4CC28928938437001F6FB4 /* SearchResultsView.swift */; };
		4B4CC32E28939029001F6FB4 /* PostView.swift in Sources */ = {isa = PBXBuildFile; fileRef = 4B4CC29428938437001F6FB4 /* PostView.swift */; };
		4B4CC33028939029001F6FB4 /* FollowingView.swift in Sources */ = {isa = PBXBuildFile; fileRef = 4B4CC29328938437001F6FB4 /* FollowingView.swift */; };
		4B4CC33128939029001F6FB4 /* PowView.swift in Sources */ = {isa = PBXBuildFile; fileRef = 4B4CC28428938437001F6FB4 /* PowView.swift */; };
		4B4CC33228939029001F6FB4 /* AddRelayView.swift in Sources */ = {isa = PBXBuildFile; fileRef = 4B4CC29628938437001F6FB4 /* AddRelayView.swift */; };
		4B4CC33328939029001F6FB4 /* ProfilePicView.swift in Sources */ = {isa = PBXBuildFile; fileRef = 4B4CC29E28938437001F6FB4 /* ProfilePicView.swift */; };
		4B4CC33428939029001F6FB4 /* PubkeyView.swift in Sources */ = {isa = PBXBuildFile; fileRef = 4B4CC2A228938437001F6FB4 /* PubkeyView.swift */; };
		4B4CC33528939029001F6FB4 /* PostButton.swift in Sources */ = {isa = PBXBuildFile; fileRef = 4B4CC28B28938437001F6FB4 /* PostButton.swift */; };
		4B4CC33628939029001F6FB4 /* SaveKeysView.swift in Sources */ = {isa = PBXBuildFile; fileRef = 4B4CC28D28938437001F6FB4 /* SaveKeysView.swift */; };
		4B4CC33728939029001F6FB4 /* ChatroomView.swift in Sources */ = {isa = PBXBuildFile; fileRef = 4B4CC28528938437001F6FB4 /* ChatroomView.swift */; };
		4B4CC33828939029001F6FB4 /* ProfileName.swift in Sources */ = {isa = PBXBuildFile; fileRef = 4B4CC28828938437001F6FB4 /* ProfileName.swift */; };
		4B4CC33928939029001F6FB4 /* EventDetailView.swift in Sources */ = {isa = PBXBuildFile; fileRef = 4B4CC29C28938437001F6FB4 /* EventDetailView.swift */; };
		4B4CC3542893903A001F6FB4 /* PostBlock.swift in Sources */ = {isa = PBXBuildFile; fileRef = 4B4CC1F228938379001F6FB4 /* PostBlock.swift */; };
		4B4CC3552893903A001F6FB4 /* Mentions.swift in Sources */ = {isa = PBXBuildFile; fileRef = 4B4CC20328938379001F6FB4 /* Mentions.swift */; };
		4B4CC3562893903A001F6FB4 /* SearchModel.swift in Sources */ = {isa = PBXBuildFile; fileRef = 4B4CC1F628938379001F6FB4 /* SearchModel.swift */; };
		4B4CC3572893903A001F6FB4 /* FollowTarget.swift in Sources */ = {isa = PBXBuildFile; fileRef = 4B4CC1F128938379001F6FB4 /* FollowTarget.swift */; };
		4B4CC3582893903A001F6FB4 /* ReplyMap.swift in Sources */ = {isa = PBXBuildFile; fileRef = 4B4CC2062893837A001F6FB4 /* ReplyMap.swift */; };
		4B4CC3592893903A001F6FB4 /* SignalModel.swift in Sources */ = {isa = PBXBuildFile; fileRef = 4B4CC1F828938379001F6FB4 /* SignalModel.swift */; };
		4B4CC35A2893903A001F6FB4 /* LikeCounter.swift in Sources */ = {isa = PBXBuildFile; fileRef = 4B4CC2082893837A001F6FB4 /* LikeCounter.swift */; };
		4B4CC35B2893903A001F6FB4 /* Reply.swift in Sources */ = {isa = PBXBuildFile; fileRef = 4B4CC1F428938379001F6FB4 /* Reply.swift */; };
		4B4CC35C2893903A001F6FB4 /* ThreadModel.swift in Sources */ = {isa = PBXBuildFile; fileRef = 4B4CC1FB28938379001F6FB4 /* ThreadModel.swift */; };
		4B4CC35D2893903A001F6FB4 /* Post.swift in Sources */ = {isa = PBXBuildFile; fileRef = 4B4CC1FD28938379001F6FB4 /* Post.swift */; };
		4B4CC35E2893903A001F6FB4 /* DamusState.swift in Sources */ = {isa = PBXBuildFile; fileRef = 4B4CC20028938379001F6FB4 /* DamusState.swift */; };
		4B4CC35F2893903A001F6FB4 /* EventRef.swift in Sources */ = {isa = PBXBuildFile; fileRef = 4B4CC1F528938379001F6FB4 /* EventRef.swift */; };
		4B4CC3602893903A001F6FB4 /* DirectMessagesModel.swift in Sources */ = {isa = PBXBuildFile; fileRef = 4B4CC1F928938379001F6FB4 /* DirectMessagesModel.swift */; };
		4B4CC3612893903A001F6FB4 /* LocalUserConfig.swift in Sources */ = {isa = PBXBuildFile; fileRef = 4B4CC2052893837A001F6FB4 /* LocalUserConfig.swift */; };
		4B4CC3622893903A001F6FB4 /* ProfileModel.swift in Sources */ = {isa = PBXBuildFile; fileRef = 4B4CC1FF28938379001F6FB4 /* ProfileModel.swift */; };
		4B4CC3632893903A001F6FB4 /* FollowersModel.swift in Sources */ = {isa = PBXBuildFile; fileRef = 4B4CC20228938379001F6FB4 /* FollowersModel.swift */; };
		4B4CC3642893903A001F6FB4 /* Contacts.swift in Sources */ = {isa = PBXBuildFile; fileRef = 4B4CC20428938379001F6FB4 /* Contacts.swift */; };
		4B4CC3652893903A001F6FB4 /* FollowingModel.swift in Sources */ = {isa = PBXBuildFile; fileRef = 4B4CC1FC28938379001F6FB4 /* FollowingModel.swift */; };
		4B4CC3662893903A001F6FB4 /* Liked.swift in Sources */ = {isa = PBXBuildFile; fileRef = 4B4CC1F028938379001F6FB4 /* Liked.swift */; };
		4B4CC3672893903A001F6FB4 /* ProfileUpdate.swift in Sources */ = {isa = PBXBuildFile; fileRef = 4B4CC20128938379001F6FB4 /* ProfileUpdate.swift */; };
		4B4CC3682893903A001F6FB4 /* DirectMessageModel.swift in Sources */ = {isa = PBXBuildFile; fileRef = 4B4CC1F328938379001F6FB4 /* DirectMessageModel.swift */; };
		4B4CC3692893903A001F6FB4 /* ActionBarModel.swift in Sources */ = {isa = PBXBuildFile; fileRef = 4B4CC1FE28938379001F6FB4 /* ActionBarModel.swift */; };
		4B4CC36A2893903A001F6FB4 /* CreateAccountModel.swift in Sources */ = {isa = PBXBuildFile; fileRef = 4B4CC2072893837A001F6FB4 /* CreateAccountModel.swift */; };
		4B4CC36B2893903A001F6FB4 /* EventsModel.swift in Sources */ = {isa = PBXBuildFile; fileRef = 4B4CC1FA28938379001F6FB4 /* EventsModel.swift */; };
		4B4CC36C2893903A001F6FB4 /* SearchHomeModel.swift in Sources */ = {isa = PBXBuildFile; fileRef = 4B4CC1F728938379001F6FB4 /* SearchHomeModel.swift */; };
		4B4CC36D28939046001F6FB4 /* InsertSort.swift in Sources */ = {isa = PBXBuildFile; fileRef = 4B4CC26928938408001F6FB4 /* InsertSort.swift */; };
		4B4CC36E28939046001F6FB4 /* InputDismissKeyboard.swift in Sources */ = {isa = PBXBuildFile; fileRef = 4B4CC27128938408001F6FB4 /* InputDismissKeyboard.swift */; };
		4B4CC36F28939046001F6FB4 /* Notifications.swift in Sources */ = {isa = PBXBuildFile; fileRef = 4B4CC26B28938408001F6FB4 /* Notifications.swift */; };
		4B4CC37028939046001F6FB4 /* ImageCache.swift in Sources */ = {isa = PBXBuildFile; fileRef = 4B4CC27028938408001F6FB4 /* ImageCache.swift */; };
		4B4CC37128939046001F6FB4 /* Keys.swift in Sources */ = {isa = PBXBuildFile; fileRef = 4B4CC26E28938408001F6FB4 /* Keys.swift */; };
		4B4CC37228939046001F6FB4 /* Parser.swift in Sources */ = {isa = PBXBuildFile; fileRef = 4B4CC26D28938408001F6FB4 /* Parser.swift */; };
		4B4CC37328939046001F6FB4 /* TipCounter.swift in Sources */ = {isa = PBXBuildFile; fileRef = 4B4CC26A28938408001F6FB4 /* TipCounter.swift */; };
		4B4CC37428939046001F6FB4 /* Bech32.swift in Sources */ = {isa = PBXBuildFile; fileRef = 4B4CC26C28938408001F6FB4 /* Bech32.swift */; };
		4B4CC37528939046001F6FB4 /* TimeAgo.swift in Sources */ = {isa = PBXBuildFile; fileRef = 4B4CC26F28938408001F6FB4 /* TimeAgo.swift */; };
		4B4CC37628939046001F6FB4 /* Universal_App.swift in Sources */ = {isa = PBXBuildFile; fileRef = 3AE3322B2582A02900FBDB3E /* Universal_App.swift */; };
		4B4CC3772893904A001F6FB4 /* TextFieldAlert.swift in Sources */ = {isa = PBXBuildFile; fileRef = 4B4CC1EC28938338001F6FB4 /* TextFieldAlert.swift */; };
		4B4CC3782893904F001F6FB4 /* RelayPool.swift in Sources */ = {isa = PBXBuildFile; fileRef = 4B4CC24328938396001F6FB4 /* RelayPool.swift */; };
		4B4CC3792893904F001F6FB4 /* NostrResponse.swift in Sources */ = {isa = PBXBuildFile; fileRef = 4B4CC23E28938396001F6FB4 /* NostrResponse.swift */; };
		4B4CC37A2893904F001F6FB4 /* ProofOfWork.swift in Sources */ = {isa = PBXBuildFile; fileRef = 4B4CC24528938396001F6FB4 /* ProofOfWork.swift */; };
		4B4CC37B2893904F001F6FB4 /* NostrMetadata.swift in Sources */ = {isa = PBXBuildFile; fileRef = 4B4CC24828938396001F6FB4 /* NostrMetadata.swift */; };
		4B4CC37C2893904F001F6FB4 /* NostrEvent.swift in Sources */ = {isa = PBXBuildFile; fileRef = 4B4CC24728938396001F6FB4 /* NostrEvent.swift */; };
		4B4CC37D2893904F001F6FB4 /* RelayConnection.swift in Sources */ = {isa = PBXBuildFile; fileRef = 4B4CC24428938396001F6FB4 /* RelayConnection.swift */; };
		4B4CC37E2893904F001F6FB4 /* NostrRequest.swift in Sources */ = {isa = PBXBuildFile; fileRef = 4B4CC24028938396001F6FB4 /* NostrRequest.swift */; };
		4B4CC37F2893904F001F6FB4 /* NostrFilter.swift in Sources */ = {isa = PBXBuildFile; fileRef = 4B4CC24228938396001F6FB4 /* NostrFilter.swift */; };
		4B4CC3802893904F001F6FB4 /* NostrKind.swift in Sources */ = {isa = PBXBuildFile; fileRef = 4B4CC24628938396001F6FB4 /* NostrKind.swift */; };
		4B4CC3812893904F001F6FB4 /* NostrLink.swift in Sources */ = {isa = PBXBuildFile; fileRef = 4B4CC24128938396001F6FB4 /* NostrLink.swift */; };
		4B4CC3822893904F001F6FB4 /* Nostr.swift in Sources */ = {isa = PBXBuildFile; fileRef = 4B4CC23F28938396001F6FB4 /* Nostr.swift */; };
		4B4CC3832893904F001F6FB4 /* Relay.swift in Sources */ = {isa = PBXBuildFile; fileRef = 4B4CC24A28938396001F6FB4 /* Relay.swift */; };
		4B4CC3A92893915B001F6FB4 /* ContentView.swift in Sources */ = {isa = PBXBuildFile; fileRef = 4B4CC3A82893915B001F6FB4 /* ContentView.swift */; };
		4B4CC3AF28939587001F6FB4 /* ChatView.swift in Sources */ = {isa = PBXBuildFile; fileRef = 4B4CC28628938437001F6FB4 /* ChatView.swift */; };
		4B59C79C289483430063304F /* SideBar.swift in Sources */ = {isa = PBXBuildFile; fileRef = 3A85D1152582BA4500636BA4 /* SideBar.swift */; };
		4B59C79D2894849A0063304F /* ArticlesListView.swift in Sources */ = {isa = PBXBuildFile; fileRef = 3AE332742582AE2700FBDB3E /* ArticlesListView.swift */; };
		4B59C79E289484CE0063304F /* ArticleView.swift in Sources */ = {isa = PBXBuildFile; fileRef = 3A85D10F2582B9DC00636BA4 /* ArticleView.swift */; };
		4B59C79F289484EA0063304F /* Article.swift in Sources */ = {isa = PBXBuildFile; fileRef = 3AE332802582AF2300FBDB3E /* Article.swift */; };
		4BE04AAF289858B700E710CF /* secp256k1 in Frameworks */ = {isa = PBXBuildFile; productRef = 4BE04AAE289858B700E710CF /* secp256k1 */; };
		4BE04AB228985AA300E710CF /* secp256k1 in Frameworks */ = {isa = PBXBuildFile; productRef = 4BE04AB128985AA300E710CF /* secp256k1 */; };
		4BE04AB428985AA700E710CF /* Starscream in Frameworks */ = {isa = PBXBuildFile; productRef = 4BE04AB328985AA700E710CF /* Starscream */; };
		4BE04AB628985B9C00E710CF /* TextFieldAlert.swift in Sources */ = {isa = PBXBuildFile; fileRef = 4B4CC1EC28938338001F6FB4 /* TextFieldAlert.swift */; };
		4BE04AB728985BB400E710CF /* ActionBarModel.swift in Sources */ = {isa = PBXBuildFile; fileRef = 4B4CC1FE28938379001F6FB4 /* ActionBarModel.swift */; };
		4BE04AB828985BB400E710CF /* Contacts.swift in Sources */ = {isa = PBXBuildFile; fileRef = 4B4CC20428938379001F6FB4 /* Contacts.swift */; };
		4BE04AB928985BB400E710CF /* CreateAccountModel.swift in Sources */ = {isa = PBXBuildFile; fileRef = 4B4CC2072893837A001F6FB4 /* CreateAccountModel.swift */; };
		4BE04ABA28985BB400E710CF /* DamusState.swift in Sources */ = {isa = PBXBuildFile; fileRef = 4B4CC20028938379001F6FB4 /* DamusState.swift */; };
		4BE04ABB28985BB400E710CF /* DirectMessageModel.swift in Sources */ = {isa = PBXBuildFile; fileRef = 4B4CC1F328938379001F6FB4 /* DirectMessageModel.swift */; };
		4BE04ABC28985BB400E710CF /* DirectMessagesModel.swift in Sources */ = {isa = PBXBuildFile; fileRef = 4B4CC1F928938379001F6FB4 /* DirectMessagesModel.swift */; };
		4BE04ABD28985BB400E710CF /* EventRef.swift in Sources */ = {isa = PBXBuildFile; fileRef = 4B4CC1F528938379001F6FB4 /* EventRef.swift */; };
		4BE04ABE28985BB400E710CF /* EventsModel.swift in Sources */ = {isa = PBXBuildFile; fileRef = 4B4CC1FA28938379001F6FB4 /* EventsModel.swift */; };
		4BE04ABF28985BB400E710CF /* FollowersModel.swift in Sources */ = {isa = PBXBuildFile; fileRef = 4B4CC20228938379001F6FB4 /* FollowersModel.swift */; };
		4BE04AC028985BB400E710CF /* FollowingModel.swift in Sources */ = {isa = PBXBuildFile; fileRef = 4B4CC1FC28938379001F6FB4 /* FollowingModel.swift */; };
		4BE04AC128985BB400E710CF /* FollowTarget.swift in Sources */ = {isa = PBXBuildFile; fileRef = 4B4CC1F128938379001F6FB4 /* FollowTarget.swift */; };
		4BE04AC228985BB400E710CF /* HomeModel.swift in Sources */ = {isa = PBXBuildFile; fileRef = 4B4CC1EF28938379001F6FB4 /* HomeModel.swift */; };
		4BE04AC328985BB400E710CF /* LikeCounter.swift in Sources */ = {isa = PBXBuildFile; fileRef = 4B4CC2082893837A001F6FB4 /* LikeCounter.swift */; };
		4BE04AC428985BB400E710CF /* Liked.swift in Sources */ = {isa = PBXBuildFile; fileRef = 4B4CC1F028938379001F6FB4 /* Liked.swift */; };
		4BE04AC528985BB400E710CF /* LocalUserConfig.swift in Sources */ = {isa = PBXBuildFile; fileRef = 4B4CC2052893837A001F6FB4 /* LocalUserConfig.swift */; };
		4BE04AC628985BB400E710CF /* Mentions.swift in Sources */ = {isa = PBXBuildFile; fileRef = 4B4CC20328938379001F6FB4 /* Mentions.swift */; };
		4BE04AC728985BB400E710CF /* Post.swift in Sources */ = {isa = PBXBuildFile; fileRef = 4B4CC1FD28938379001F6FB4 /* Post.swift */; };
		4BE04AC828985BB400E710CF /* PostBlock.swift in Sources */ = {isa = PBXBuildFile; fileRef = 4B4CC1F228938379001F6FB4 /* PostBlock.swift */; };
		4BE04AC928985BB400E710CF /* ProfileModel.swift in Sources */ = {isa = PBXBuildFile; fileRef = 4B4CC1FF28938379001F6FB4 /* ProfileModel.swift */; };
		4BE04ACA28985BB400E710CF /* ProfileUpdate.swift in Sources */ = {isa = PBXBuildFile; fileRef = 4B4CC20128938379001F6FB4 /* ProfileUpdate.swift */; };
		4BE04ACB28985BB400E710CF /* Reply.swift in Sources */ = {isa = PBXBuildFile; fileRef = 4B4CC1F428938379001F6FB4 /* Reply.swift */; };
		4BE04ACC28985BB400E710CF /* ReplyMap.swift in Sources */ = {isa = PBXBuildFile; fileRef = 4B4CC2062893837A001F6FB4 /* ReplyMap.swift */; };
		4BE04ACD28985BB400E710CF /* SearchHomeModel.swift in Sources */ = {isa = PBXBuildFile; fileRef = 4B4CC1F728938379001F6FB4 /* SearchHomeModel.swift */; };
		4BE04ACE28985BB400E710CF /* SearchModel.swift in Sources */ = {isa = PBXBuildFile; fileRef = 4B4CC1F628938379001F6FB4 /* SearchModel.swift */; };
		4BE04ACF28985BB400E710CF /* SignalModel.swift in Sources */ = {isa = PBXBuildFile; fileRef = 4B4CC1F828938379001F6FB4 /* SignalModel.swift */; };
		4BE04AD028985BB400E710CF /* ThreadModel.swift in Sources */ = {isa = PBXBuildFile; fileRef = 4B4CC1FB28938379001F6FB4 /* ThreadModel.swift */; };
		4BE04AD128985BC100E710CF /* Universal_App.swift in Sources */ = {isa = PBXBuildFile; fileRef = 3AE3322B2582A02900FBDB3E /* Universal_App.swift */; };
		4BE04AD228985BC800E710CF /* NostrResponse.swift in Sources */ = {isa = PBXBuildFile; fileRef = 4B4CC23E28938396001F6FB4 /* NostrResponse.swift */; };
		4BE04AD328985BC800E710CF /* Nostr.swift in Sources */ = {isa = PBXBuildFile; fileRef = 4B4CC23F28938396001F6FB4 /* Nostr.swift */; };
		4BE04AD428985BC800E710CF /* NostrRequest.swift in Sources */ = {isa = PBXBuildFile; fileRef = 4B4CC24028938396001F6FB4 /* NostrRequest.swift */; };
		4BE04AD528985BC800E710CF /* NostrLink.swift in Sources */ = {isa = PBXBuildFile; fileRef = 4B4CC24128938396001F6FB4 /* NostrLink.swift */; };
		4BE04AD628985BC800E710CF /* NostrFilter.swift in Sources */ = {isa = PBXBuildFile; fileRef = 4B4CC24228938396001F6FB4 /* NostrFilter.swift */; };
		4BE04AD728985BC800E710CF /* RelayPool.swift in Sources */ = {isa = PBXBuildFile; fileRef = 4B4CC24328938396001F6FB4 /* RelayPool.swift */; };
		4BE04AD828985BC800E710CF /* RelayConnection.swift in Sources */ = {isa = PBXBuildFile; fileRef = 4B4CC24428938396001F6FB4 /* RelayConnection.swift */; };
		4BE04AD928985BC800E710CF /* ProofOfWork.swift in Sources */ = {isa = PBXBuildFile; fileRef = 4B4CC24528938396001F6FB4 /* ProofOfWork.swift */; };
		4BE04ADA28985BC800E710CF /* NostrKind.swift in Sources */ = {isa = PBXBuildFile; fileRef = 4B4CC24628938396001F6FB4 /* NostrKind.swift */; };
		4BE04ADB28985BC800E710CF /* NostrEvent.swift in Sources */ = {isa = PBXBuildFile; fileRef = 4B4CC24728938396001F6FB4 /* NostrEvent.swift */; };
		4BE04ADC28985BC800E710CF /* NostrMetadata.swift in Sources */ = {isa = PBXBuildFile; fileRef = 4B4CC24828938396001F6FB4 /* NostrMetadata.swift */; };
		4BE04ADD28985BC800E710CF /* Profiles.swift in Sources */ = {isa = PBXBuildFile; fileRef = 4B4CC24928938396001F6FB4 /* Profiles.swift */; };
		4BE04ADE28985BC800E710CF /* Relay.swift in Sources */ = {isa = PBXBuildFile; fileRef = 4B4CC24A28938396001F6FB4 /* Relay.swift */; };
		4BE04ADF28985BCF00E710CF /* MainView.swift in Sources */ = {isa = PBXBuildFile; fileRef = 3A030AD325840BDE0012228D /* MainView.swift */; };
		4BE04AE028985BD800E710CF /* ContentView.swift in Sources */ = {isa = PBXBuildFile; fileRef = 4B4CC3A82893915B001F6FB4 /* ContentView.swift */; };
		4BE04AE128985BD800E710CF /* AddRelayView.swift in Sources */ = {isa = PBXBuildFile; fileRef = 4B4CC29628938437001F6FB4 /* AddRelayView.swift */; };
		4BE04AE228985BD800E710CF /* BlocksView.swift in Sources */ = {isa = PBXBuildFile; fileRef = 4B4CC2A128938437001F6FB4 /* BlocksView.swift */; };
		4BE04AE328985BD800E710CF /* CarouselView.swift in Sources */ = {isa = PBXBuildFile; fileRef = 4B4CC2A728938437001F6FB4 /* CarouselView.swift */; };
		4BE04AE428985BD800E710CF /* ChatroomView.swift in Sources */ = {isa = PBXBuildFile; fileRef = 4B4CC28528938437001F6FB4 /* ChatroomView.swift */; };
		4BE04AE528985BD800E710CF /* ChatView.swift in Sources */ = {isa = PBXBuildFile; fileRef = 4B4CC28628938437001F6FB4 /* ChatView.swift */; };
		4BE04AE628985BD800E710CF /* ConfigView.swift in Sources */ = {isa = PBXBuildFile; fileRef = 4B4CC29028938437001F6FB4 /* ConfigView.swift */; };
		4BE04AE728985BD800E710CF /* CreateAccountView.swift in Sources */ = {isa = PBXBuildFile; fileRef = 4B4CC28C28938437001F6FB4 /* CreateAccountView.swift */; };
		4BE04AE828985BD800E710CF /* DirectMessagesView.swift in Sources */ = {isa = PBXBuildFile; fileRef = 4B4CC28A28938437001F6FB4 /* DirectMessagesView.swift */; };
		4BE04AE928985BD800E710CF /* DMChatView.swift in Sources */ = {isa = PBXBuildFile; fileRef = 4B4CC2A028938437001F6FB4 /* DMChatView.swift */; };
		4BE04AEA28985BD800E710CF /* DMView.swift in Sources */ = {isa = PBXBuildFile; fileRef = 4B4CC29528938437001F6FB4 /* DMView.swift */; };
		4BE04AEB28985BD800E710CF /* EventActionBar.swift in Sources */ = {isa = PBXBuildFile; fileRef = 4B4CC28728938437001F6FB4 /* EventActionBar.swift */; };
		4BE04AEC28985BD800E710CF /* EventDetailView.swift in Sources */ = {isa = PBXBuildFile; fileRef = 4B4CC29C28938437001F6FB4 /* EventDetailView.swift */; };
		4BE04AED28985BD800E710CF /* EventView.swift in Sources */ = {isa = PBXBuildFile; fileRef = 4B4CC2A528938437001F6FB4 /* EventView.swift */; };
		4BE04AEE28985BD800E710CF /* FollowButtonView.swift in Sources */ = {isa = PBXBuildFile; fileRef = 4B4CC29228938437001F6FB4 /* FollowButtonView.swift */; };
		4BE04AEF28985BD800E710CF /* FollowingView.swift in Sources */ = {isa = PBXBuildFile; fileRef = 4B4CC29328938437001F6FB4 /* FollowingView.swift */; };
		4BE04AF028985BD800E710CF /* LoginView.swift in Sources */ = {isa = PBXBuildFile; fileRef = 4B4CC29728938437001F6FB4 /* LoginView.swift */; };
		4BE04AF128985BD800E710CF /* MainTabView.swift in Sources */ = {isa = PBXBuildFile; fileRef = 4B4CC28E28938437001F6FB4 /* MainTabView.swift */; };
		4BE04AF228985BD800E710CF /* MentionView.swift in Sources */ = {isa = PBXBuildFile; fileRef = 4B4CC29128938437001F6FB4 /* MentionView.swift */; };
		4BE04AF328985BD800E710CF /* NoteContentView.swift in Sources */ = {isa = PBXBuildFile; fileRef = 4B4CC28F28938437001F6FB4 /* NoteContentView.swift */; };
		4BE04AF428985BD800E710CF /* PostButton.swift in Sources */ = {isa = PBXBuildFile; fileRef = 4B4CC28B28938437001F6FB4 /* PostButton.swift */; };
		4BE04AF528985BD800E710CF /* PostView.swift in Sources */ = {isa = PBXBuildFile; fileRef = 4B4CC29428938437001F6FB4 /* PostView.swift */; };
		4BE04AF628985BD800E710CF /* PowView.swift in Sources */ = {isa = PBXBuildFile; fileRef = 4B4CC28428938437001F6FB4 /* PowView.swift */; };
		4BE04AF728985BD800E710CF /* ProfileName.swift in Sources */ = {isa = PBXBuildFile; fileRef = 4B4CC28828938437001F6FB4 /* ProfileName.swift */; };
		4BE04AF828985BD800E710CF /* ProfilePictureSelector.swift in Sources */ = {isa = PBXBuildFile; fileRef = 4B4CC2A628938437001F6FB4 /* ProfilePictureSelector.swift */; };
		4BE04AF928985BD800E710CF /* ProfilePicView.swift in Sources */ = {isa = PBXBuildFile; fileRef = 4B4CC29E28938437001F6FB4 /* ProfilePicView.swift */; };
		4BE04AFA28985BD800E710CF /* ProfileView.swift in Sources */ = {isa = PBXBuildFile; fileRef = 4B4CC29F28938437001F6FB4 /* ProfileView.swift */; };
		4BE04AFB28985BD800E710CF /* PubkeyView.swift in Sources */ = {isa = PBXBuildFile; fileRef = 4B4CC2A228938437001F6FB4 /* PubkeyView.swift */; };
		4BE04AFC28985BD800E710CF /* ReplyQuoteView.swift in Sources */ = {isa = PBXBuildFile; fileRef = 4B4CC29928938437001F6FB4 /* ReplyQuoteView.swift */; };
		4BE04AFD28985BD800E710CF /* ReplyView.swift in Sources */ = {isa = PBXBuildFile; fileRef = 4B4CC2A328938437001F6FB4 /* ReplyView.swift */; };
		4BE04AFE28985BD800E710CF /* SaveKeysView.swift in Sources */ = {isa = PBXBuildFile; fileRef = 4B4CC28D28938437001F6FB4 /* SaveKeysView.swift */; };
		4BE04AFF28985BD800E710CF /* SearchHomeView.swift in Sources */ = {isa = PBXBuildFile; fileRef = 4B4CC29A28938437001F6FB4 /* SearchHomeView.swift */; };
		4BE04B0028985BD800E710CF /* SearchResultsView.swift in Sources */ = {isa = PBXBuildFile; fileRef = 4B4CC28928938437001F6FB4 /* SearchResultsView.swift */; };
		4BE04B0128985BD800E710CF /* SearchView.swift in Sources */ = {isa = PBXBuildFile; fileRef = 4B4CC29D28938437001F6FB4 /* SearchView.swift */; };
		4BE04B0228985BD800E710CF /* SetupView.swift in Sources */ = {isa = PBXBuildFile; fileRef = 4B4CC29828938437001F6FB4 /* SetupView.swift */; };
		4BE04B0328985BD800E710CF /* ThreadView.swift in Sources */ = {isa = PBXBuildFile; fileRef = 4B4CC29B28938437001F6FB4 /* ThreadView.swift */; };
		4BE04B0428985BD800E710CF /* TimelineView.swift in Sources */ = {isa = PBXBuildFile; fileRef = 4B4CC2A428938437001F6FB4 /* TimelineView.swift */; };
		4BE04B0528985BF200E710CF /* Bech32.swift in Sources */ = {isa = PBXBuildFile; fileRef = 4B4CC26C28938408001F6FB4 /* Bech32.swift */; };
		4BE04B0628985BF200E710CF /* ImageCache.swift in Sources */ = {isa = PBXBuildFile; fileRef = 4B4CC27028938408001F6FB4 /* ImageCache.swift */; };
		4BE04B0728985BF200E710CF /* InputDismissKeyboard.swift in Sources */ = {isa = PBXBuildFile; fileRef = 4B4CC27128938408001F6FB4 /* InputDismissKeyboard.swift */; };
		4BE04B0828985BF200E710CF /* InsertSort.swift in Sources */ = {isa = PBXBuildFile; fileRef = 4B4CC26928938408001F6FB4 /* InsertSort.swift */; };
		4BE04B0928985BF200E710CF /* Keys.swift in Sources */ = {isa = PBXBuildFile; fileRef = 4B4CC26E28938408001F6FB4 /* Keys.swift */; };
		4BE04B0A28985BF200E710CF /* Notifications.swift in Sources */ = {isa = PBXBuildFile; fileRef = 4B4CC26B28938408001F6FB4 /* Notifications.swift */; };
		4BE04B0B28985BF200E710CF /* Parser.swift in Sources */ = {isa = PBXBuildFile; fileRef = 4B4CC26D28938408001F6FB4 /* Parser.swift */; };
		4BE04B0C28985BF200E710CF /* TimeAgo.swift in Sources */ = {isa = PBXBuildFile; fileRef = 4B4CC26F28938408001F6FB4 /* TimeAgo.swift */; };
		4BE04B0D28985BF200E710CF /* TipCounter.swift in Sources */ = {isa = PBXBuildFile; fileRef = 4B4CC26A28938408001F6FB4 /* TipCounter.swift */; };
		4BE04B0E28985C0600E710CF /* TabBar.swift in Sources */ = {isa = PBXBuildFile; fileRef = 3A85D10B2582B9A600636BA4 /* TabBar.swift */; };
		4BE04B10289869A900E710CF /* CustomNSViewController.swift in Sources */ = {isa = PBXBuildFile; fileRef = 4BE04B0F289869A900E710CF /* CustomNSViewController.swift */; };
/* End PBXBuildFile section */

/* Begin PBXFileReference section */
		3A030AD325840BDE0012228D /* MainView.swift */ = {isa = PBXFileReference; lastKnownFileType = sourcecode.swift; path = MainView.swift; sourceTree = "<group>"; };
		3A85D10B2582B9A600636BA4 /* TabBar.swift */ = {isa = PBXFileReference; lastKnownFileType = sourcecode.swift; path = TabBar.swift; sourceTree = "<group>"; };
		3A85D10F2582B9DC00636BA4 /* ArticleView.swift */ = {isa = PBXFileReference; lastKnownFileType = sourcecode.swift; path = ArticleView.swift; sourceTree = "<group>"; };
		3A85D1152582BA4500636BA4 /* SideBar.swift */ = {isa = PBXFileReference; lastKnownFileType = sourcecode.swift; path = SideBar.swift; sourceTree = "<group>"; };
		3AE3322B2582A02900FBDB3E /* Universal_App.swift */ = {isa = PBXFileReference; lastKnownFileType = sourcecode.swift; path = Universal_App.swift; sourceTree = "<group>"; };
		3AE3322D2582A02B00FBDB3E /* Assets.xcassets */ = {isa = PBXFileReference; lastKnownFileType = folder.assetcatalog; path = Assets.xcassets; sourceTree = "<group>"; };
		3AE332322582A02B00FBDB3E /* Vinux.app */ = {isa = PBXFileReference; explicitFileType = wrapper.application; includeInIndex = 0; name = Vinux.app; path = ../../../../../../../../../Shared/Vinux.app; sourceTree = BUILT_PRODUCTS_DIR; };
		3AE332352582A02B00FBDB3E /* Info-ios.plist */ = {isa = PBXFileReference; lastKnownFileType = text.plist.xml; path = "Info-ios.plist"; sourceTree = "<group>"; };
		3AE3323A2582A02B00FBDB3E /* Vinux.app */ = {isa = PBXFileReference; explicitFileType = wrapper.application; includeInIndex = 0; path = Vinux.app; sourceTree = BUILT_PRODUCTS_DIR; };
		3AE3323C2582A02B00FBDB3E /* Info-macos.plist */ = {isa = PBXFileReference; lastKnownFileType = text.plist.xml; path = "Info-macos.plist"; sourceTree = "<group>"; };
		3AE3323D2582A02B00FBDB3E /* macOS.entitlements */ = {isa = PBXFileReference; lastKnownFileType = text.plist.entitlements; path = macOS.entitlements; sourceTree = "<group>"; };
		3AE332742582AE2700FBDB3E /* ArticlesListView.swift */ = {isa = PBXFileReference; lastKnownFileType = sourcecode.swift; path = ArticlesListView.swift; sourceTree = "<group>"; tabWidth = 2; };
		3AE332802582AF2300FBDB3E /* Article.swift */ = {isa = PBXFileReference; lastKnownFileType = sourcecode.swift; path = Article.swift; sourceTree = "<group>"; };
		4B48E256289937260061B785 /* Package.swift */ = {isa = PBXFileReference; lastKnownFileType = sourcecode.swift; path = Package.swift; sourceTree = "<group>"; };
		4B4CC1EC28938338001F6FB4 /* TextFieldAlert.swift */ = {isa = PBXFileReference; fileEncoding = 4; lastKnownFileType = sourcecode.swift; path = TextFieldAlert.swift; sourceTree = "<group>"; };
		4B4CC1EF28938379001F6FB4 /* HomeModel.swift */ = {isa = PBXFileReference; fileEncoding = 4; lastKnownFileType = sourcecode.swift; path = HomeModel.swift; sourceTree = "<group>"; };
		4B4CC1F028938379001F6FB4 /* Liked.swift */ = {isa = PBXFileReference; fileEncoding = 4; lastKnownFileType = sourcecode.swift; path = Liked.swift; sourceTree = "<group>"; };
		4B4CC1F128938379001F6FB4 /* FollowTarget.swift */ = {isa = PBXFileReference; fileEncoding = 4; lastKnownFileType = sourcecode.swift; path = FollowTarget.swift; sourceTree = "<group>"; };
		4B4CC1F228938379001F6FB4 /* PostBlock.swift */ = {isa = PBXFileReference; fileEncoding = 4; lastKnownFileType = sourcecode.swift; path = PostBlock.swift; sourceTree = "<group>"; };
		4B4CC1F328938379001F6FB4 /* DirectMessageModel.swift */ = {isa = PBXFileReference; fileEncoding = 4; lastKnownFileType = sourcecode.swift; path = DirectMessageModel.swift; sourceTree = "<group>"; };
		4B4CC1F428938379001F6FB4 /* Reply.swift */ = {isa = PBXFileReference; fileEncoding = 4; lastKnownFileType = sourcecode.swift; path = Reply.swift; sourceTree = "<group>"; };
		4B4CC1F528938379001F6FB4 /* EventRef.swift */ = {isa = PBXFileReference; fileEncoding = 4; lastKnownFileType = sourcecode.swift; path = EventRef.swift; sourceTree = "<group>"; };
		4B4CC1F628938379001F6FB4 /* SearchModel.swift */ = {isa = PBXFileReference; fileEncoding = 4; lastKnownFileType = sourcecode.swift; path = SearchModel.swift; sourceTree = "<group>"; };
		4B4CC1F728938379001F6FB4 /* SearchHomeModel.swift */ = {isa = PBXFileReference; fileEncoding = 4; lastKnownFileType = sourcecode.swift; path = SearchHomeModel.swift; sourceTree = "<group>"; };
		4B4CC1F828938379001F6FB4 /* SignalModel.swift */ = {isa = PBXFileReference; fileEncoding = 4; lastKnownFileType = sourcecode.swift; path = SignalModel.swift; sourceTree = "<group>"; };
		4B4CC1F928938379001F6FB4 /* DirectMessagesModel.swift */ = {isa = PBXFileReference; fileEncoding = 4; lastKnownFileType = sourcecode.swift; path = DirectMessagesModel.swift; sourceTree = "<group>"; };
		4B4CC1FA28938379001F6FB4 /* EventsModel.swift */ = {isa = PBXFileReference; fileEncoding = 4; lastKnownFileType = sourcecode.swift; path = EventsModel.swift; sourceTree = "<group>"; };
		4B4CC1FB28938379001F6FB4 /* ThreadModel.swift */ = {isa = PBXFileReference; fileEncoding = 4; lastKnownFileType = sourcecode.swift; path = ThreadModel.swift; sourceTree = "<group>"; };
		4B4CC1FC28938379001F6FB4 /* FollowingModel.swift */ = {isa = PBXFileReference; fileEncoding = 4; lastKnownFileType = sourcecode.swift; path = FollowingModel.swift; sourceTree = "<group>"; };
		4B4CC1FD28938379001F6FB4 /* Post.swift */ = {isa = PBXFileReference; fileEncoding = 4; lastKnownFileType = sourcecode.swift; path = Post.swift; sourceTree = "<group>"; };
		4B4CC1FE28938379001F6FB4 /* ActionBarModel.swift */ = {isa = PBXFileReference; fileEncoding = 4; lastKnownFileType = sourcecode.swift; path = ActionBarModel.swift; sourceTree = "<group>"; };
		4B4CC1FF28938379001F6FB4 /* ProfileModel.swift */ = {isa = PBXFileReference; fileEncoding = 4; lastKnownFileType = sourcecode.swift; path = ProfileModel.swift; sourceTree = "<group>"; };
		4B4CC20028938379001F6FB4 /* DamusState.swift */ = {isa = PBXFileReference; fileEncoding = 4; lastKnownFileType = sourcecode.swift; path = DamusState.swift; sourceTree = "<group>"; };
		4B4CC20128938379001F6FB4 /* ProfileUpdate.swift */ = {isa = PBXFileReference; fileEncoding = 4; lastKnownFileType = sourcecode.swift; path = ProfileUpdate.swift; sourceTree = "<group>"; };
		4B4CC20228938379001F6FB4 /* FollowersModel.swift */ = {isa = PBXFileReference; fileEncoding = 4; lastKnownFileType = sourcecode.swift; path = FollowersModel.swift; sourceTree = "<group>"; };
		4B4CC20328938379001F6FB4 /* Mentions.swift */ = {isa = PBXFileReference; fileEncoding = 4; lastKnownFileType = sourcecode.swift; path = Mentions.swift; sourceTree = "<group>"; };
		4B4CC20428938379001F6FB4 /* Contacts.swift */ = {isa = PBXFileReference; fileEncoding = 4; lastKnownFileType = sourcecode.swift; path = Contacts.swift; sourceTree = "<group>"; };
		4B4CC2052893837A001F6FB4 /* LocalUserConfig.swift */ = {isa = PBXFileReference; fileEncoding = 4; lastKnownFileType = sourcecode.swift; path = LocalUserConfig.swift; sourceTree = "<group>"; };
		4B4CC2062893837A001F6FB4 /* ReplyMap.swift */ = {isa = PBXFileReference; fileEncoding = 4; lastKnownFileType = sourcecode.swift; path = ReplyMap.swift; sourceTree = "<group>"; };
		4B4CC2072893837A001F6FB4 /* CreateAccountModel.swift */ = {isa = PBXFileReference; fileEncoding = 4; lastKnownFileType = sourcecode.swift; path = CreateAccountModel.swift; sourceTree = "<group>"; };
		4B4CC2082893837A001F6FB4 /* LikeCounter.swift */ = {isa = PBXFileReference; fileEncoding = 4; lastKnownFileType = sourcecode.swift; path = LikeCounter.swift; sourceTree = "<group>"; };
		4B4CC23E28938396001F6FB4 /* NostrResponse.swift */ = {isa = PBXFileReference; fileEncoding = 4; lastKnownFileType = sourcecode.swift; path = NostrResponse.swift; sourceTree = "<group>"; };
		4B4CC23F28938396001F6FB4 /* Nostr.swift */ = {isa = PBXFileReference; fileEncoding = 4; lastKnownFileType = sourcecode.swift; path = Nostr.swift; sourceTree = "<group>"; };
		4B4CC24028938396001F6FB4 /* NostrRequest.swift */ = {isa = PBXFileReference; fileEncoding = 4; lastKnownFileType = sourcecode.swift; path = NostrRequest.swift; sourceTree = "<group>"; };
		4B4CC24128938396001F6FB4 /* NostrLink.swift */ = {isa = PBXFileReference; fileEncoding = 4; lastKnownFileType = sourcecode.swift; path = NostrLink.swift; sourceTree = "<group>"; };
		4B4CC24228938396001F6FB4 /* NostrFilter.swift */ = {isa = PBXFileReference; fileEncoding = 4; lastKnownFileType = sourcecode.swift; path = NostrFilter.swift; sourceTree = "<group>"; };
		4B4CC24328938396001F6FB4 /* RelayPool.swift */ = {isa = PBXFileReference; fileEncoding = 4; lastKnownFileType = sourcecode.swift; path = RelayPool.swift; sourceTree = "<group>"; };
		4B4CC24428938396001F6FB4 /* RelayConnection.swift */ = {isa = PBXFileReference; fileEncoding = 4; lastKnownFileType = sourcecode.swift; path = RelayConnection.swift; sourceTree = "<group>"; };
		4B4CC24528938396001F6FB4 /* ProofOfWork.swift */ = {isa = PBXFileReference; fileEncoding = 4; lastKnownFileType = sourcecode.swift; path = ProofOfWork.swift; sourceTree = "<group>"; };
		4B4CC24628938396001F6FB4 /* NostrKind.swift */ = {isa = PBXFileReference; fileEncoding = 4; lastKnownFileType = sourcecode.swift; path = NostrKind.swift; sourceTree = "<group>"; };
		4B4CC24728938396001F6FB4 /* NostrEvent.swift */ = {isa = PBXFileReference; fileEncoding = 4; lastKnownFileType = sourcecode.swift; path = NostrEvent.swift; sourceTree = "<group>"; };
		4B4CC24828938396001F6FB4 /* NostrMetadata.swift */ = {isa = PBXFileReference; fileEncoding = 4; lastKnownFileType = sourcecode.swift; path = NostrMetadata.swift; sourceTree = "<group>"; };
		4B4CC24928938396001F6FB4 /* Profiles.swift */ = {isa = PBXFileReference; fileEncoding = 4; lastKnownFileType = sourcecode.swift; path = Profiles.swift; sourceTree = "<group>"; };
		4B4CC24A28938396001F6FB4 /* Relay.swift */ = {isa = PBXFileReference; fileEncoding = 4; lastKnownFileType = sourcecode.swift; path = Relay.swift; sourceTree = "<group>"; };
		4B4CC26928938408001F6FB4 /* InsertSort.swift */ = {isa = PBXFileReference; fileEncoding = 4; lastKnownFileType = sourcecode.swift; path = InsertSort.swift; sourceTree = "<group>"; };
		4B4CC26A28938408001F6FB4 /* TipCounter.swift */ = {isa = PBXFileReference; fileEncoding = 4; lastKnownFileType = sourcecode.swift; path = TipCounter.swift; sourceTree = "<group>"; };
		4B4CC26B28938408001F6FB4 /* Notifications.swift */ = {isa = PBXFileReference; fileEncoding = 4; lastKnownFileType = sourcecode.swift; path = Notifications.swift; sourceTree = "<group>"; };
		4B4CC26C28938408001F6FB4 /* Bech32.swift */ = {isa = PBXFileReference; fileEncoding = 4; lastKnownFileType = sourcecode.swift; path = Bech32.swift; sourceTree = "<group>"; };
		4B4CC26D28938408001F6FB4 /* Parser.swift */ = {isa = PBXFileReference; fileEncoding = 4; lastKnownFileType = sourcecode.swift; path = Parser.swift; sourceTree = "<group>"; };
		4B4CC26E28938408001F6FB4 /* Keys.swift */ = {isa = PBXFileReference; fileEncoding = 4; lastKnownFileType = sourcecode.swift; path = Keys.swift; sourceTree = "<group>"; };
		4B4CC26F28938408001F6FB4 /* TimeAgo.swift */ = {isa = PBXFileReference; fileEncoding = 4; lastKnownFileType = sourcecode.swift; path = TimeAgo.swift; sourceTree = "<group>"; };
		4B4CC27028938408001F6FB4 /* ImageCache.swift */ = {isa = PBXFileReference; fileEncoding = 4; lastKnownFileType = sourcecode.swift; path = ImageCache.swift; sourceTree = "<group>"; };
		4B4CC27128938408001F6FB4 /* InputDismissKeyboard.swift */ = {isa = PBXFileReference; fileEncoding = 4; lastKnownFileType = sourcecode.swift; path = InputDismissKeyboard.swift; sourceTree = "<group>"; };
		4B4CC28428938437001F6FB4 /* PowView.swift */ = {isa = PBXFileReference; fileEncoding = 4; lastKnownFileType = sourcecode.swift; path = PowView.swift; sourceTree = "<group>"; };
		4B4CC28528938437001F6FB4 /* ChatroomView.swift */ = {isa = PBXFileReference; fileEncoding = 4; lastKnownFileType = sourcecode.swift; path = ChatroomView.swift; sourceTree = "<group>"; };
		4B4CC28628938437001F6FB4 /* ChatView.swift */ = {isa = PBXFileReference; fileEncoding = 4; lastKnownFileType = sourcecode.swift; path = ChatView.swift; sourceTree = "<group>"; };
		4B4CC28728938437001F6FB4 /* EventActionBar.swift */ = {isa = PBXFileReference; fileEncoding = 4; lastKnownFileType = sourcecode.swift; path = EventActionBar.swift; sourceTree = "<group>"; };
		4B4CC28828938437001F6FB4 /* ProfileName.swift */ = {isa = PBXFileReference; fileEncoding = 4; lastKnownFileType = sourcecode.swift; path = ProfileName.swift; sourceTree = "<group>"; };
		4B4CC28928938437001F6FB4 /* SearchResultsView.swift */ = {isa = PBXFileReference; fileEncoding = 4; lastKnownFileType = sourcecode.swift; path = SearchResultsView.swift; sourceTree = "<group>"; };
		4B4CC28A28938437001F6FB4 /* DirectMessagesView.swift */ = {isa = PBXFileReference; fileEncoding = 4; lastKnownFileType = sourcecode.swift; path = DirectMessagesView.swift; sourceTree = "<group>"; };
		4B4CC28B28938437001F6FB4 /* PostButton.swift */ = {isa = PBXFileReference; fileEncoding = 4; lastKnownFileType = sourcecode.swift; path = PostButton.swift; sourceTree = "<group>"; };
		4B4CC28C28938437001F6FB4 /* CreateAccountView.swift */ = {isa = PBXFileReference; fileEncoding = 4; lastKnownFileType = sourcecode.swift; path = CreateAccountView.swift; sourceTree = "<group>"; };
		4B4CC28D28938437001F6FB4 /* SaveKeysView.swift */ = {isa = PBXFileReference; fileEncoding = 4; lastKnownFileType = sourcecode.swift; path = SaveKeysView.swift; sourceTree = "<group>"; };
		4B4CC28E28938437001F6FB4 /* MainTabView.swift */ = {isa = PBXFileReference; fileEncoding = 4; lastKnownFileType = sourcecode.swift; path = MainTabView.swift; sourceTree = "<group>"; };
		4B4CC28F28938437001F6FB4 /* NoteContentView.swift */ = {isa = PBXFileReference; fileEncoding = 4; lastKnownFileType = sourcecode.swift; path = NoteContentView.swift; sourceTree = "<group>"; };
		4B4CC29028938437001F6FB4 /* ConfigView.swift */ = {isa = PBXFileReference; fileEncoding = 4; lastKnownFileType = sourcecode.swift; path = ConfigView.swift; sourceTree = "<group>"; };
		4B4CC29128938437001F6FB4 /* MentionView.swift */ = {isa = PBXFileReference; fileEncoding = 4; lastKnownFileType = sourcecode.swift; path = MentionView.swift; sourceTree = "<group>"; };
		4B4CC29228938437001F6FB4 /* FollowButtonView.swift */ = {isa = PBXFileReference; fileEncoding = 4; lastKnownFileType = sourcecode.swift; path = FollowButtonView.swift; sourceTree = "<group>"; };
		4B4CC29328938437001F6FB4 /* FollowingView.swift */ = {isa = PBXFileReference; fileEncoding = 4; lastKnownFileType = sourcecode.swift; path = FollowingView.swift; sourceTree = "<group>"; };
		4B4CC29428938437001F6FB4 /* PostView.swift */ = {isa = PBXFileReference; fileEncoding = 4; lastKnownFileType = sourcecode.swift; path = PostView.swift; sourceTree = "<group>"; };
		4B4CC29528938437001F6FB4 /* DMView.swift */ = {isa = PBXFileReference; fileEncoding = 4; lastKnownFileType = sourcecode.swift; path = DMView.swift; sourceTree = "<group>"; };
		4B4CC29628938437001F6FB4 /* AddRelayView.swift */ = {isa = PBXFileReference; fileEncoding = 4; lastKnownFileType = sourcecode.swift; path = AddRelayView.swift; sourceTree = "<group>"; };
		4B4CC29728938437001F6FB4 /* LoginView.swift */ = {isa = PBXFileReference; fileEncoding = 4; lastKnownFileType = sourcecode.swift; path = LoginView.swift; sourceTree = "<group>"; };
		4B4CC29828938437001F6FB4 /* SetupView.swift */ = {isa = PBXFileReference; fileEncoding = 4; lastKnownFileType = sourcecode.swift; path = SetupView.swift; sourceTree = "<group>"; };
		4B4CC29928938437001F6FB4 /* ReplyQuoteView.swift */ = {isa = PBXFileReference; fileEncoding = 4; lastKnownFileType = sourcecode.swift; path = ReplyQuoteView.swift; sourceTree = "<group>"; };
		4B4CC29A28938437001F6FB4 /* SearchHomeView.swift */ = {isa = PBXFileReference; fileEncoding = 4; lastKnownFileType = sourcecode.swift; path = SearchHomeView.swift; sourceTree = "<group>"; };
		4B4CC29B28938437001F6FB4 /* ThreadView.swift */ = {isa = PBXFileReference; fileEncoding = 4; lastKnownFileType = sourcecode.swift; path = ThreadView.swift; sourceTree = "<group>"; };
		4B4CC29C28938437001F6FB4 /* EventDetailView.swift */ = {isa = PBXFileReference; fileEncoding = 4; lastKnownFileType = sourcecode.swift; path = EventDetailView.swift; sourceTree = "<group>"; };
		4B4CC29D28938437001F6FB4 /* SearchView.swift */ = {isa = PBXFileReference; fileEncoding = 4; lastKnownFileType = sourcecode.swift; path = SearchView.swift; sourceTree = "<group>"; };
		4B4CC29E28938437001F6FB4 /* ProfilePicView.swift */ = {isa = PBXFileReference; fileEncoding = 4; lastKnownFileType = sourcecode.swift; path = ProfilePicView.swift; sourceTree = "<group>"; };
		4B4CC29F28938437001F6FB4 /* ProfileView.swift */ = {isa = PBXFileReference; fileEncoding = 4; lastKnownFileType = sourcecode.swift; path = ProfileView.swift; sourceTree = "<group>"; };
		4B4CC2A028938437001F6FB4 /* DMChatView.swift */ = {isa = PBXFileReference; fileEncoding = 4; lastKnownFileType = sourcecode.swift; path = DMChatView.swift; sourceTree = "<group>"; };
		4B4CC2A128938437001F6FB4 /* BlocksView.swift */ = {isa = PBXFileReference; fileEncoding = 4; lastKnownFileType = sourcecode.swift; path = BlocksView.swift; sourceTree = "<group>"; };
		4B4CC2A228938437001F6FB4 /* PubkeyView.swift */ = {isa = PBXFileReference; fileEncoding = 4; lastKnownFileType = sourcecode.swift; path = PubkeyView.swift; sourceTree = "<group>"; };
		4B4CC2A328938437001F6FB4 /* ReplyView.swift */ = {isa = PBXFileReference; fileEncoding = 4; lastKnownFileType = sourcecode.swift; path = ReplyView.swift; sourceTree = "<group>"; };
		4B4CC2A428938437001F6FB4 /* TimelineView.swift */ = {isa = PBXFileReference; fileEncoding = 4; lastKnownFileType = sourcecode.swift; path = TimelineView.swift; sourceTree = "<group>"; };
		4B4CC2A528938437001F6FB4 /* EventView.swift */ = {isa = PBXFileReference; fileEncoding = 4; lastKnownFileType = sourcecode.swift; path = EventView.swift; sourceTree = "<group>"; };
		4B4CC2A628938437001F6FB4 /* ProfilePictureSelector.swift */ = {isa = PBXFileReference; fileEncoding = 4; lastKnownFileType = sourcecode.swift; path = ProfilePictureSelector.swift; sourceTree = "<group>"; };
		4B4CC2A728938437001F6FB4 /* CarouselView.swift */ = {isa = PBXFileReference; fileEncoding = 4; lastKnownFileType = sourcecode.swift; path = CarouselView.swift; sourceTree = "<group>"; };
		4B4CC3A82893915B001F6FB4 /* ContentView.swift */ = {isa = PBXFileReference; fileEncoding = 4; lastKnownFileType = sourcecode.swift; path = ContentView.swift; sourceTree = "<group>"; };
		4B7D77A928935E5B007486E7 /* Universal App (iOS).entitlements */ = {isa = PBXFileReference; lastKnownFileType = text.plist.entitlements; path = "Universal App (iOS).entitlements"; sourceTree = "<group>"; };
		4BE04AB528985B0900E710CF /* Vinux.app (iOS)Release.entitlements */ = {isa = PBXFileReference; lastKnownFileType = text.plist.entitlements; path = "Vinux.app (iOS)Release.entitlements"; sourceTree = "<group>"; };
		4BE04B0F289869A900E710CF /* CustomNSViewController.swift */ = {isa = PBXFileReference; lastKnownFileType = sourcecode.swift; path = CustomNSViewController.swift; sourceTree = "<group>"; };
/* End PBXFileReference section */

/* Begin PBXFrameworksBuildPhase section */
		3AE3322F2582A02B00FBDB3E /* Frameworks */ = {
			isa = PBXFrameworksBuildPhase;
			buildActionMask = 2147483647;
			files = (
				4B4CC1EA289381A2001F6FB4 /* Starscream in Frameworks */,
				4BE04AAF289858B700E710CF /* secp256k1 in Frameworks */,
			);
			runOnlyForDeploymentPostprocessing = 0;
		};
		3AE332372582A02B00FBDB3E /* Frameworks */ = {
			isa = PBXFrameworksBuildPhase;
			buildActionMask = 2147483647;
			files = (
				4BE04AB228985AA300E710CF /* secp256k1 in Frameworks */,
				4BE04AB428985AA700E710CF /* Starscream in Frameworks */,
			);
			runOnlyForDeploymentPostprocessing = 0;
		};
/* End PBXFrameworksBuildPhase section */

/* Begin PBXGroup section */
		3A030AC8258401580012228D /* Utilities */ = {
			isa = PBXGroup;
			children = (
				4B4CC26C28938408001F6FB4 /* Bech32.swift */,
				4B4CC27028938408001F6FB4 /* ImageCache.swift */,
				4B4CC27128938408001F6FB4 /* InputDismissKeyboard.swift */,
				4B4CC26928938408001F6FB4 /* InsertSort.swift */,
				4B4CC26E28938408001F6FB4 /* Keys.swift */,
				4B4CC26B28938408001F6FB4 /* Notifications.swift */,
				4B4CC26D28938408001F6FB4 /* Parser.swift */,
				4B4CC26F28938408001F6FB4 /* TimeAgo.swift */,
				4B4CC26A28938408001F6FB4 /* TipCounter.swift */,
			);
			path = Utilities;
			sourceTree = "<group>";
		};
		3A030ACE258401860012228D /* Support */ = {
			isa = PBXGroup;
			children = (
				3AE3322D2582A02B00FBDB3E /* Assets.xcassets */,
			);
			path = Support;
			sourceTree = "<group>";
		};
		3A030B0925841B860012228D /* Screens */ = {
			isa = PBXGroup;
			children = (
				3A030AD325840BDE0012228D /* MainView.swift */,
				3AE332742582AE2700FBDB3E /* ArticlesListView.swift */,
			);
			path = Screens;
			sourceTree = "<group>";
		};
		3AE332252582A02900FBDB3E = {
			isa = PBXGroup;
			children = (
				4B48E256289937260061B785 /* Package.swift */,
				4BE04AB528985B0900E710CF /* Vinux.app (iOS)Release.entitlements */,
				4B7D77A928935E5B007486E7 /* Universal App (iOS).entitlements */,
				3AE3322B2582A02900FBDB3E /* Universal_App.swift */,
				3AE3322A2582A02900FBDB3E /* Shared */,
				3AE332342582A02B00FBDB3E /* iOS */,
				3AE3323B2582A02B00FBDB3E /* macOS */,
				3AE332332582A02B00FBDB3E /* Products */,
				4BE04AB028985AA300E710CF /* Frameworks */,
			);
			sourceTree = "<group>";
		};
		3AE3322A2582A02900FBDB3E /* Shared */ = {
			isa = PBXGroup;
			children = (
				4B4CC23D28938396001F6FB4 /* Nostr */,
				4B4CC1EB28938338001F6FB4 /* Components */,
				3A030AC8258401580012228D /* Utilities */,
				3AE3327F2582AF1500FBDB3E /* Models */,
				3A030B0925841B860012228D /* Screens */,
				3AE332732582AE1500FBDB3E /* Views */,
				3A030ACE258401860012228D /* Support */,
			);
			path = Shared;
			sourceTree = "<group>";
		};
		3AE332332582A02B00FBDB3E /* Products */ = {
			isa = PBXGroup;
			children = (
				3AE332322582A02B00FBDB3E /* Vinux.app */,
				3AE3323A2582A02B00FBDB3E /* Vinux.app */,
			);
			name = Products;
			sourceTree = "<group>";
		};
		3AE332342582A02B00FBDB3E /* iOS */ = {
			isa = PBXGroup;
			children = (
				3A85D10B2582B9A600636BA4 /* TabBar.swift */,
				3AE332352582A02B00FBDB3E /* Info-ios.plist */,
			);
			path = iOS;
			sourceTree = "<group>";
		};
		3AE3323B2582A02B00FBDB3E /* macOS */ = {
			isa = PBXGroup;
			children = (
				3A85D1152582BA4500636BA4 /* SideBar.swift */,
				3AE3323C2582A02B00FBDB3E /* Info-macos.plist */,
				3AE3323D2582A02B00FBDB3E /* macOS.entitlements */,
			);
			path = macOS;
			sourceTree = "<group>";
		};
		3AE332732582AE1500FBDB3E /* Views */ = {
			isa = PBXGroup;
			children = (
				4B4CC3A82893915B001F6FB4 /* ContentView.swift */,
				4B4CC29628938437001F6FB4 /* AddRelayView.swift */,
				4B4CC2A128938437001F6FB4 /* BlocksView.swift */,
				4B4CC2A728938437001F6FB4 /* CarouselView.swift */,
				4B4CC28528938437001F6FB4 /* ChatroomView.swift */,
				4B4CC28628938437001F6FB4 /* ChatView.swift */,
				4B4CC29028938437001F6FB4 /* ConfigView.swift */,
				4B4CC28C28938437001F6FB4 /* CreateAccountView.swift */,
				4B4CC28A28938437001F6FB4 /* DirectMessagesView.swift */,
				4B4CC2A028938437001F6FB4 /* DMChatView.swift */,
				4B4CC29528938437001F6FB4 /* DMView.swift */,
				4B4CC28728938437001F6FB4 /* EventActionBar.swift */,
				4B4CC29C28938437001F6FB4 /* EventDetailView.swift */,
				4B4CC2A528938437001F6FB4 /* EventView.swift */,
				4B4CC29228938437001F6FB4 /* FollowButtonView.swift */,
				4B4CC29328938437001F6FB4 /* FollowingView.swift */,
				4B4CC29728938437001F6FB4 /* LoginView.swift */,
				4B4CC28E28938437001F6FB4 /* MainTabView.swift */,
				4B4CC29128938437001F6FB4 /* MentionView.swift */,
				4B4CC28F28938437001F6FB4 /* NoteContentView.swift */,
				4B4CC28B28938437001F6FB4 /* PostButton.swift */,
				4B4CC29428938437001F6FB4 /* PostView.swift */,
				4B4CC28428938437001F6FB4 /* PowView.swift */,
				4B4CC28828938437001F6FB4 /* ProfileName.swift */,
				4B4CC2A628938437001F6FB4 /* ProfilePictureSelector.swift */,
				4B4CC29E28938437001F6FB4 /* ProfilePicView.swift */,
				4B4CC29F28938437001F6FB4 /* ProfileView.swift */,
				4B4CC2A228938437001F6FB4 /* PubkeyView.swift */,
				4B4CC29928938437001F6FB4 /* ReplyQuoteView.swift */,
				4B4CC2A328938437001F6FB4 /* ReplyView.swift */,
				4B4CC28D28938437001F6FB4 /* SaveKeysView.swift */,
				4B4CC29A28938437001F6FB4 /* SearchHomeView.swift */,
				4B4CC28928938437001F6FB4 /* SearchResultsView.swift */,
				4B4CC29D28938437001F6FB4 /* SearchView.swift */,
				4B4CC29828938437001F6FB4 /* SetupView.swift */,
				4B4CC29B28938437001F6FB4 /* ThreadView.swift */,
				4B4CC2A428938437001F6FB4 /* TimelineView.swift */,
				3A85D10F2582B9DC00636BA4 /* ArticleView.swift */,
			);
			path = Views;
			sourceTree = "<group>";
		};
		3AE3327F2582AF1500FBDB3E /* Models */ = {
			isa = PBXGroup;
			children = (
				4B4CC1FE28938379001F6FB4 /* ActionBarModel.swift */,
				4B4CC20428938379001F6FB4 /* Contacts.swift */,
				4B4CC2072893837A001F6FB4 /* CreateAccountModel.swift */,
				4B4CC20028938379001F6FB4 /* DamusState.swift */,
				4B4CC1F328938379001F6FB4 /* DirectMessageModel.swift */,
				4B4CC1F928938379001F6FB4 /* DirectMessagesModel.swift */,
				4B4CC1F528938379001F6FB4 /* EventRef.swift */,
				4B4CC1FA28938379001F6FB4 /* EventsModel.swift */,
				4B4CC20228938379001F6FB4 /* FollowersModel.swift */,
				4B4CC1FC28938379001F6FB4 /* FollowingModel.swift */,
				4B4CC1F128938379001F6FB4 /* FollowTarget.swift */,
				4B4CC1EF28938379001F6FB4 /* HomeModel.swift */,
				4B4CC2082893837A001F6FB4 /* LikeCounter.swift */,
				4B4CC1F028938379001F6FB4 /* Liked.swift */,
				4B4CC2052893837A001F6FB4 /* LocalUserConfig.swift */,
				4B4CC20328938379001F6FB4 /* Mentions.swift */,
				4B4CC1FD28938379001F6FB4 /* Post.swift */,
				4B4CC1F228938379001F6FB4 /* PostBlock.swift */,
				4B4CC1FF28938379001F6FB4 /* ProfileModel.swift */,
				4B4CC20128938379001F6FB4 /* ProfileUpdate.swift */,
				4B4CC1F428938379001F6FB4 /* Reply.swift */,
				4B4CC2062893837A001F6FB4 /* ReplyMap.swift */,
				4B4CC1F728938379001F6FB4 /* SearchHomeModel.swift */,
				4B4CC1F628938379001F6FB4 /* SearchModel.swift */,
				4B4CC1F828938379001F6FB4 /* SignalModel.swift */,
				4B4CC1FB28938379001F6FB4 /* ThreadModel.swift */,
				3AE332802582AF2300FBDB3E /* Article.swift */,
			);
			path = Models;
			sourceTree = "<group>";
		};
		4B4CC1EB28938338001F6FB4 /* Components */ = {
			isa = PBXGroup;
			children = (
				4B4CC1EC28938338001F6FB4 /* TextFieldAlert.swift */,
				4BE04B0F289869A900E710CF /* CustomNSViewController.swift */,
			);
			path = Components;
			sourceTree = "<group>";
		};
		4B4CC23D28938396001F6FB4 /* Nostr */ = {
			isa = PBXGroup;
			children = (
				4B4CC23E28938396001F6FB4 /* NostrResponse.swift */,
				4B4CC23F28938396001F6FB4 /* Nostr.swift */,
				4B4CC24028938396001F6FB4 /* NostrRequest.swift */,
				4B4CC24128938396001F6FB4 /* NostrLink.swift */,
				4B4CC24228938396001F6FB4 /* NostrFilter.swift */,
				4B4CC24328938396001F6FB4 /* RelayPool.swift */,
				4B4CC24428938396001F6FB4 /* RelayConnection.swift */,
				4B4CC24528938396001F6FB4 /* ProofOfWork.swift */,
				4B4CC24628938396001F6FB4 /* NostrKind.swift */,
				4B4CC24728938396001F6FB4 /* NostrEvent.swift */,
				4B4CC24828938396001F6FB4 /* NostrMetadata.swift */,
				4B4CC24928938396001F6FB4 /* Profiles.swift */,
				4B4CC24A28938396001F6FB4 /* Relay.swift */,
			);
			path = Nostr;
			sourceTree = "<group>";
		};
		4BE04AB028985AA300E710CF /* Frameworks */ = {
			isa = PBXGroup;
			children = (
			);
			name = Frameworks;
			sourceTree = "<group>";
		};
/* End PBXGroup section */

/* Begin PBXNativeTarget section */
		3AE332312582A02B00FBDB3E /* Vinux (iOS) */ = {
			isa = PBXNativeTarget;
			buildConfigurationList = 3AE332462582A02B00FBDB3E /* Build configuration list for PBXNativeTarget "Vinux (iOS)" */;
			buildPhases = (
				3AE3322E2582A02B00FBDB3E /* Sources */,
				3AE3322F2582A02B00FBDB3E /* Frameworks */,
				3AE332302582A02B00FBDB3E /* Resources */,
			);
			buildRules = (
			);
			dependencies = (
			);
			name = "Vinux (iOS)";
			packageProductDependencies = (
				4B4CC1E9289381A2001F6FB4 /* Starscream */,
				4BE04AAE289858B700E710CF /* secp256k1 */,
			);
			productName = "Universal App (iOS)";
			productReference = 3AE332322582A02B00FBDB3E /* Vinux.app */;
			productType = "com.apple.product-type.application";
		};
		3AE332392582A02B00FBDB3E /* Vinux (macOS) */ = {
			isa = PBXNativeTarget;
			buildConfigurationList = 3AE332492582A02B00FBDB3E /* Build configuration list for PBXNativeTarget "Vinux (macOS)" */;
			buildPhases = (
				3AE332362582A02B00FBDB3E /* Sources */,
				3AE332372582A02B00FBDB3E /* Frameworks */,
				3AE332382582A02B00FBDB3E /* Resources */,
			);
			buildRules = (
			);
			dependencies = (
			);
			name = "Vinux (macOS)";
			packageProductDependencies = (
				4BE04AB128985AA300E710CF /* secp256k1 */,
				4BE04AB328985AA700E710CF /* Starscream */,
			);
			productName = "Universal App (macOS)";
			productReference = 3AE3323A2582A02B00FBDB3E /* Vinux.app */;
			productType = "com.apple.product-type.application";
		};
/* End PBXNativeTarget section */

/* Begin PBXProject section */
		3AE332262582A02900FBDB3E /* Project object */ = {
			isa = PBXProject;
			attributes = {
				LastSwiftUpdateCheck = 1220;
				LastUpgradeCheck = 1340;
				TargetAttributes = {
					3AE332312582A02B00FBDB3E = {
						CreatedOnToolsVersion = 12.2;
					};
					3AE332392582A02B00FBDB3E = {
						CreatedOnToolsVersion = 12.2;
					};
				};
			};
			buildConfigurationList = 3AE332292582A02900FBDB3E /* Build configuration list for PBXProject "Vinux" */;
			compatibilityVersion = "Xcode 9.3";
			developmentRegion = en;
			hasScannedForEncodings = 0;
			knownRegions = (
				en,
				Base,
			);
			mainGroup = 3AE332252582A02900FBDB3E;
			packageReferences = (
				4B4CC1E8289381A2001F6FB4 /* XCRemoteSwiftPackageReference "Starscream" */,
				4BE04AAD289858B700E710CF /* XCRemoteSwiftPackageReference "secp256k1" */,
			);
			productRefGroup = 3AE332332582A02B00FBDB3E /* Products */;
			projectDirPath = "";
			projectRoot = "";
			targets = (
				3AE332312582A02B00FBDB3E /* Vinux (iOS) */,
				3AE332392582A02B00FBDB3E /* Vinux (macOS) */,
			);
		};
/* End PBXProject section */

/* Begin PBXResourcesBuildPhase section */
		3AE332302582A02B00FBDB3E /* Resources */ = {
			isa = PBXResourcesBuildPhase;
			buildActionMask = 2147483647;
			files = (
				4B4CC2FA28938AE3001F6FB4 /* Info-ios.plist in Resources */,
				3AE332422582A02B00FBDB3E /* Assets.xcassets in Resources */,
			);
			runOnlyForDeploymentPostprocessing = 0;
		};
		3AE332382582A02B00FBDB3E /* Resources */ = {
			isa = PBXResourcesBuildPhase;
			buildActionMask = 2147483647;
			files = (
				4B4CC2FB28938B01001F6FB4 /* Info-macos.plist in Resources */,
				3AE332432582A02B00FBDB3E /* Assets.xcassets in Resources */,
			);
			runOnlyForDeploymentPostprocessing = 0;
		};
/* End PBXResourcesBuildPhase section */

/* Begin PBXSourcesBuildPhase section */
		3AE3322E2582A02B00FBDB3E /* Sources */ = {
			isa = PBXSourcesBuildPhase;
			buildActionMask = 2147483647;
			files = (
				4B4CC3772893904A001F6FB4 /* TextFieldAlert.swift in Sources */,
				4B4CC35A2893903A001F6FB4 /* LikeCounter.swift in Sources */,
				4B4CC3552893903A001F6FB4 /* Mentions.swift in Sources */,
				4B4CC31728939029001F6FB4 /* SearchView.swift in Sources */,
				4B4CC33828939029001F6FB4 /* ProfileName.swift in Sources */,
				4B4CC32028939029001F6FB4 /* CreateAccountView.swift in Sources */,
				4B4CC32828939029001F6FB4 /* MainTabView.swift in Sources */,
				4B4CC31F28939029001F6FB4 /* ReplyView.swift in Sources */,
				3A85D10C2582B9A600636BA4 /* TabBar.swift in Sources */,
				4B4CC3602893903A001F6FB4 /* DirectMessagesModel.swift in Sources */,
				4B4CC3642893903A001F6FB4 /* Contacts.swift in Sources */,
				4B4CC3572893903A001F6FB4 /* FollowTarget.swift in Sources */,
				4B4CC31228938E87001F6FB4 /* MainView.swift in Sources */,
				4B4CC31A28939029001F6FB4 /* NoteContentView.swift in Sources */,
				4B4CC33428939029001F6FB4 /* PubkeyView.swift in Sources */,
				4B4CC32528939029001F6FB4 /* LoginView.swift in Sources */,
				4B4CC31E28939029001F6FB4 /* DMView.swift in Sources */,
				4B4CC37B2893904F001F6FB4 /* NostrMetadata.swift in Sources */,
				4B4CC3592893903A001F6FB4 /* SignalModel.swift in Sources */,
				4B4CC37228939046001F6FB4 /* Parser.swift in Sources */,
				4B4CC32C28939029001F6FB4 /* FollowButtonView.swift in Sources */,
				4B4CC35F2893903A001F6FB4 /* EventRef.swift in Sources */,
				4B4CC32E28939029001F6FB4 /* PostView.swift in Sources */,
				4B4CC32B28939029001F6FB4 /* EventView.swift in Sources */,
				4B4CC3792893904F001F6FB4 /* NostrResponse.swift in Sources */,
				4B4CC36A2893903A001F6FB4 /* CreateAccountModel.swift in Sources */,
				4B4CC3812893904F001F6FB4 /* NostrLink.swift in Sources */,
				4B4CC35B2893903A001F6FB4 /* Reply.swift in Sources */,
				4B4CC37328939046001F6FB4 /* TipCounter.swift in Sources */,
				4B4CC33528939029001F6FB4 /* PostButton.swift in Sources */,
				4B4CC3562893903A001F6FB4 /* SearchModel.swift in Sources */,
				4B4CC33028939029001F6FB4 /* FollowingView.swift in Sources */,
				4B4CC33128939029001F6FB4 /* PowView.swift in Sources */,
				4B4CC33628939029001F6FB4 /* SaveKeysView.swift in Sources */,
				4B4CC32628939029001F6FB4 /* SetupView.swift in Sources */,
				4B4CC37628939046001F6FB4 /* Universal_App.swift in Sources */,
				4B4CC36D28939046001F6FB4 /* InsertSort.swift in Sources */,
				4B4CC3612893903A001F6FB4 /* LocalUserConfig.swift in Sources */,
				4B4CC33928939029001F6FB4 /* EventDetailView.swift in Sources */,
				4B4CC33328939029001F6FB4 /* ProfilePicView.swift in Sources */,
				4B4CC32128939029001F6FB4 /* BlocksView.swift in Sources */,
				4B4CC3672893903A001F6FB4 /* ProfileUpdate.swift in Sources */,
				4B4CC31B28939029001F6FB4 /* MentionView.swift in Sources */,
				4B4CC3622893903A001F6FB4 /* ProfileModel.swift in Sources */,
				4B4CC37428939046001F6FB4 /* Bech32.swift in Sources */,
				4B4CC32428939029001F6FB4 /* EventActionBar.swift in Sources */,
				4B4CC2FC28938B57001F6FB4 /* Profiles.swift in Sources */,
				4B4CC37F2893904F001F6FB4 /* NostrFilter.swift in Sources */,
				4B4CC3662893903A001F6FB4 /* Liked.swift in Sources */,
				4B4CC3542893903A001F6FB4 /* PostBlock.swift in Sources */,
				4B4CC31528938FD2001F6FB4 /* HomeModel.swift in Sources */,
				4B4CC3822893904F001F6FB4 /* Nostr.swift in Sources */,
				4B4CC35C2893903A001F6FB4 /* ThreadModel.swift in Sources */,
				4B4CC31828939029001F6FB4 /* ProfilePictureSelector.swift in Sources */,
				4B4CC30928938D84001F6FB4 /* Article.swift in Sources */,
				4B4CC31C28939029001F6FB4 /* CarouselView.swift in Sources */,
				4B4CC36F28939046001F6FB4 /* Notifications.swift in Sources */,
				4B4CC3802893904F001F6FB4 /* NostrKind.swift in Sources */,
				4B4CC32D28939029001F6FB4 /* SearchResultsView.swift in Sources */,
				4B4CC3652893903A001F6FB4 /* FollowingModel.swift in Sources */,
				4B4CC36C2893903A001F6FB4 /* SearchHomeModel.swift in Sources */,
				4B4CC3782893904F001F6FB4 /* RelayPool.swift in Sources */,
				4B4CC31928939029001F6FB4 /* ReplyQuoteView.swift in Sources */,
				4B4CC3692893903A001F6FB4 /* ActionBarModel.swift in Sources */,
				4B4CC35E2893903A001F6FB4 /* DamusState.swift in Sources */,
				4B4CC30E28938E6F001F6FB4 /* ArticleView.swift in Sources */,
				4B4CC3162893900E001F6FB4 /* TimelineView.swift in Sources */,
				4B4CC36B2893903A001F6FB4 /* EventsModel.swift in Sources */,
				4B4CC31D28939029001F6FB4 /* ThreadView.swift in Sources */,
				4B4CC3632893903A001F6FB4 /* FollowersModel.swift in Sources */,
				4B4CC37028939046001F6FB4 /* ImageCache.swift in Sources */,
				4B4CC37A2893904F001F6FB4 /* ProofOfWork.swift in Sources */,
				4B4CC33228939029001F6FB4 /* AddRelayView.swift in Sources */,
				4B4CC32328939029001F6FB4 /* SearchHomeView.swift in Sources */,
				4B4CC37C2893904F001F6FB4 /* NostrEvent.swift in Sources */,
				4B4CC3582893903A001F6FB4 /* ReplyMap.swift in Sources */,
				4B4CC32928939029001F6FB4 /* ConfigView.swift in Sources */,
				4B4CC32728939029001F6FB4 /* DirectMessagesView.swift in Sources */,
				4B4CC3682893903A001F6FB4 /* DirectMessageModel.swift in Sources */,
				4B4CC32228939029001F6FB4 /* ProfileView.swift in Sources */,
				4B4CC32A28939029001F6FB4 /* DMChatView.swift in Sources */,
				4B4CC37D2893904F001F6FB4 /* RelayConnection.swift in Sources */,
				4B4CC3AF28939587001F6FB4 /* ChatView.swift in Sources */,
				4B4CC36E28939046001F6FB4 /* InputDismissKeyboard.swift in Sources */,
				4B4CC35D2893903A001F6FB4 /* Post.swift in Sources */,
				4B59C79C289483430063304F /* SideBar.swift in Sources */,
				4B4CC37528939046001F6FB4 /* TimeAgo.swift in Sources */,
				4B4CC3A92893915B001F6FB4 /* ContentView.swift in Sources */,
				4B4CC3832893904F001F6FB4 /* Relay.swift in Sources */,
				4B4CC37128939046001F6FB4 /* Keys.swift in Sources */,
				4B4CC31028938E74001F6FB4 /* ArticlesListView.swift in Sources */,
				4B4CC37E2893904F001F6FB4 /* NostrRequest.swift in Sources */,
				4B4CC33728939029001F6FB4 /* ChatroomView.swift in Sources */,
			);
			runOnlyForDeploymentPostprocessing = 0;
		};
		3AE332362582A02B00FBDB3E /* Sources */ = {
			isa = PBXSourcesBuildPhase;
			buildActionMask = 2147483647;
			files = (
				4BE04B0E28985C0600E710CF /* TabBar.swift in Sources */,
				4BE04B0528985BF200E710CF /* Bech32.swift in Sources */,
				4BE04B0628985BF200E710CF /* ImageCache.swift in Sources */,
				4BE04B0728985BF200E710CF /* InputDismissKeyboard.swift in Sources */,
				4BE04B0828985BF200E710CF /* InsertSort.swift in Sources */,
				4BE04B0928985BF200E710CF /* Keys.swift in Sources */,
				4BE04B0A28985BF200E710CF /* Notifications.swift in Sources */,
				4BE04B0B28985BF200E710CF /* Parser.swift in Sources */,
				4BE04B0C28985BF200E710CF /* TimeAgo.swift in Sources */,
				4BE04B0D28985BF200E710CF /* TipCounter.swift in Sources */,
				4BE04AE028985BD800E710CF /* ContentView.swift in Sources */,
				4BE04AE128985BD800E710CF /* AddRelayView.swift in Sources */,
				4BE04B10289869A900E710CF /* CustomNSViewController.swift in Sources */,
				4BE04AE228985BD800E710CF /* BlocksView.swift in Sources */,
				4BE04AE328985BD800E710CF /* CarouselView.swift in Sources */,
				4BE04AE428985BD800E710CF /* ChatroomView.swift in Sources */,
				4BE04AE528985BD800E710CF /* ChatView.swift in Sources */,
				4BE04AE628985BD800E710CF /* ConfigView.swift in Sources */,
				4BE04AE728985BD800E710CF /* CreateAccountView.swift in Sources */,
				4BE04AE828985BD800E710CF /* DirectMessagesView.swift in Sources */,
				4BE04AE928985BD800E710CF /* DMChatView.swift in Sources */,
				4BE04AEA28985BD800E710CF /* DMView.swift in Sources */,
				4BE04AEB28985BD800E710CF /* EventActionBar.swift in Sources */,
				4BE04AEC28985BD800E710CF /* EventDetailView.swift in Sources */,
				4BE04AED28985BD800E710CF /* EventView.swift in Sources */,
				4BE04AEE28985BD800E710CF /* FollowButtonView.swift in Sources */,
				4BE04AEF28985BD800E710CF /* FollowingView.swift in Sources */,
				4BE04AF028985BD800E710CF /* LoginView.swift in Sources */,
				4BE04AF128985BD800E710CF /* MainTabView.swift in Sources */,
				4BE04AF228985BD800E710CF /* MentionView.swift in Sources */,
				4BE04AF328985BD800E710CF /* NoteContentView.swift in Sources */,
				4BE04AF428985BD800E710CF /* PostButton.swift in Sources */,
				4BE04AF528985BD800E710CF /* PostView.swift in Sources */,
				4BE04AF628985BD800E710CF /* PowView.swift in Sources */,
				4BE04AF728985BD800E710CF /* ProfileName.swift in Sources */,
				4BE04AF828985BD800E710CF /* ProfilePictureSelector.swift in Sources */,
				4BE04AF928985BD800E710CF /* ProfilePicView.swift in Sources */,
				4BE04AFA28985BD800E710CF /* ProfileView.swift in Sources */,
				4BE04AFB28985BD800E710CF /* PubkeyView.swift in Sources */,
				4BE04AFC28985BD800E710CF /* ReplyQuoteView.swift in Sources */,
				4BE04AFD28985BD800E710CF /* ReplyView.swift in Sources */,
				4BE04AFE28985BD800E710CF /* SaveKeysView.swift in Sources */,
				4BE04AFF28985BD800E710CF /* SearchHomeView.swift in Sources */,
				4BE04B0028985BD800E710CF /* SearchResultsView.swift in Sources */,
				4BE04B0128985BD800E710CF /* SearchView.swift in Sources */,
				4BE04B0228985BD800E710CF /* SetupView.swift in Sources */,
				4BE04B0328985BD800E710CF /* ThreadView.swift in Sources */,
				4BE04B0428985BD800E710CF /* TimelineView.swift in Sources */,
				4BE04ADF28985BCF00E710CF /* MainView.swift in Sources */,
				4BE04AD228985BC800E710CF /* NostrResponse.swift in Sources */,
				4BE04AD328985BC800E710CF /* Nostr.swift in Sources */,
				4BE04AD428985BC800E710CF /* NostrRequest.swift in Sources */,
				4BE04AD528985BC800E710CF /* NostrLink.swift in Sources */,
				4BE04AD628985BC800E710CF /* NostrFilter.swift in Sources */,
				4BE04AD728985BC800E710CF /* RelayPool.swift in Sources */,
				4BE04AD828985BC800E710CF /* RelayConnection.swift in Sources */,
				4BE04AD928985BC800E710CF /* ProofOfWork.swift in Sources */,
				4BE04ADA28985BC800E710CF /* NostrKind.swift in Sources */,
				4BE04ADB28985BC800E710CF /* NostrEvent.swift in Sources */,
				4BE04ADC28985BC800E710CF /* NostrMetadata.swift in Sources */,
				4BE04ADD28985BC800E710CF /* Profiles.swift in Sources */,
				4BE04ADE28985BC800E710CF /* Relay.swift in Sources */,
				4BE04AD128985BC100E710CF /* Universal_App.swift in Sources */,
				4BE04AB728985BB400E710CF /* ActionBarModel.swift in Sources */,
				4BE04AB828985BB400E710CF /* Contacts.swift in Sources */,
				4BE04AB928985BB400E710CF /* CreateAccountModel.swift in Sources */,
				4BE04ABA28985BB400E710CF /* DamusState.swift in Sources */,
				4BE04ABB28985BB400E710CF /* DirectMessageModel.swift in Sources */,
				4BE04ABC28985BB400E710CF /* DirectMessagesModel.swift in Sources */,
				4BE04ABD28985BB400E710CF /* EventRef.swift in Sources */,
				4BE04ABE28985BB400E710CF /* EventsModel.swift in Sources */,
				4BE04ABF28985BB400E710CF /* FollowersModel.swift in Sources */,
				4BE04AC028985BB400E710CF /* FollowingModel.swift in Sources */,
				4BE04AC128985BB400E710CF /* FollowTarget.swift in Sources */,
				4BE04AC228985BB400E710CF /* HomeModel.swift in Sources */,
				4BE04AC328985BB400E710CF /* LikeCounter.swift in Sources */,
				4BE04AC428985BB400E710CF /* Liked.swift in Sources */,
				4BE04AC528985BB400E710CF /* LocalUserConfig.swift in Sources */,
				4BE04AC628985BB400E710CF /* Mentions.swift in Sources */,
				4BE04AC728985BB400E710CF /* Post.swift in Sources */,
				4BE04AC828985BB400E710CF /* PostBlock.swift in Sources */,
				4BE04AC928985BB400E710CF /* ProfileModel.swift in Sources */,
				4BE04ACA28985BB400E710CF /* ProfileUpdate.swift in Sources */,
				4BE04ACB28985BB400E710CF /* Reply.swift in Sources */,
				4BE04ACC28985BB400E710CF /* ReplyMap.swift in Sources */,
				4BE04ACD28985BB400E710CF /* SearchHomeModel.swift in Sources */,
				4BE04ACE28985BB400E710CF /* SearchModel.swift in Sources */,
				4BE04ACF28985BB400E710CF /* SignalModel.swift in Sources */,
				4BE04AD028985BB400E710CF /* ThreadModel.swift in Sources */,
				4BE04AB628985B9C00E710CF /* TextFieldAlert.swift in Sources */,
				4B59C79F289484EA0063304F /* Article.swift in Sources */,
				4B4CC30728938D61001F6FB4 /* SideBar.swift in Sources */,
				4B59C79E289484CE0063304F /* ArticleView.swift in Sources */,
				4B59C79D2894849A0063304F /* ArticlesListView.swift in Sources */,
			);
			runOnlyForDeploymentPostprocessing = 0;
		};
/* End PBXSourcesBuildPhase section */

/* Begin XCBuildConfiguration section */
		3AE332442582A02B00FBDB3E /* Debug */ = {
			isa = XCBuildConfiguration;
			buildSettings = {
				ALWAYS_SEARCH_USER_PATHS = NO;
				CLANG_ANALYZER_NONNULL = YES;
				CLANG_ANALYZER_NUMBER_OBJECT_CONVERSION = YES_AGGRESSIVE;
				CLANG_CXX_LANGUAGE_STANDARD = "gnu++14";
				CLANG_CXX_LIBRARY = "libc++";
				CLANG_ENABLE_MODULES = YES;
				CLANG_ENABLE_OBJC_ARC = YES;
				CLANG_ENABLE_OBJC_WEAK = YES;
				CLANG_WARN_BLOCK_CAPTURE_AUTORELEASING = YES;
				CLANG_WARN_BOOL_CONVERSION = YES;
				CLANG_WARN_COMMA = YES;
				CLANG_WARN_CONSTANT_CONVERSION = YES;
				CLANG_WARN_DEPRECATED_OBJC_IMPLEMENTATIONS = YES;
				CLANG_WARN_DIRECT_OBJC_ISA_USAGE = YES_ERROR;
				CLANG_WARN_DOCUMENTATION_COMMENTS = YES;
				CLANG_WARN_EMPTY_BODY = YES;
				CLANG_WARN_ENUM_CONVERSION = YES;
				CLANG_WARN_INFINITE_RECURSION = YES;
				CLANG_WARN_INT_CONVERSION = YES;
				CLANG_WARN_NON_LITERAL_NULL_CONVERSION = YES;
				CLANG_WARN_OBJC_IMPLICIT_RETAIN_SELF = YES;
				CLANG_WARN_OBJC_LITERAL_CONVERSION = YES;
				CLANG_WARN_OBJC_ROOT_CLASS = YES_ERROR;
				CLANG_WARN_QUOTED_INCLUDE_IN_FRAMEWORK_HEADER = YES;
				CLANG_WARN_RANGE_LOOP_ANALYSIS = YES;
				CLANG_WARN_STRICT_PROTOTYPES = YES;
				CLANG_WARN_SUSPICIOUS_MOVE = YES;
				CLANG_WARN_UNGUARDED_AVAILABILITY = YES_AGGRESSIVE;
				CLANG_WARN_UNREACHABLE_CODE = YES;
				CLANG_WARN__DUPLICATE_METHOD_MATCH = YES;
				COPY_PHASE_STRIP = NO;
				DEBUG_INFORMATION_FORMAT = dwarf;
				ENABLE_STRICT_OBJC_MSGSEND = YES;
				ENABLE_TESTABILITY = YES;
				GCC_C_LANGUAGE_STANDARD = gnu11;
				GCC_DYNAMIC_NO_PIC = NO;
				GCC_NO_COMMON_BLOCKS = YES;
				GCC_OPTIMIZATION_LEVEL = 0;
				GCC_PREPROCESSOR_DEFINITIONS = (
					"DEBUG=1",
					"$(inherited)",
				);
				GCC_WARN_64_TO_32_BIT_CONVERSION = YES;
				GCC_WARN_ABOUT_RETURN_TYPE = YES_ERROR;
				GCC_WARN_UNDECLARED_SELECTOR = YES;
				GCC_WARN_UNINITIALIZED_AUTOS = YES_AGGRESSIVE;
				GCC_WARN_UNUSED_FUNCTION = YES;
				GCC_WARN_UNUSED_VARIABLE = YES;
				"IPHONEOS_DEPLOYMENT_TARGET[sdk=iphoneos*]" = "";
				MTL_ENABLE_DEBUG_INFO = INCLUDE_SOURCE;
				MTL_FAST_MATH = YES;
				ONLY_ACTIVE_ARCH = YES;
				SWIFT_ACTIVE_COMPILATION_CONDITIONS = DEBUG;
				SWIFT_OPTIMIZATION_LEVEL = "-Onone";
			};
			name = Debug;
		};
		3AE332452582A02B00FBDB3E /* Release */ = {
			isa = XCBuildConfiguration;
			buildSettings = {
				ALWAYS_SEARCH_USER_PATHS = NO;
				CLANG_ANALYZER_NONNULL = YES;
				CLANG_ANALYZER_NUMBER_OBJECT_CONVERSION = YES_AGGRESSIVE;
				CLANG_CXX_LANGUAGE_STANDARD = "gnu++14";
				CLANG_CXX_LIBRARY = "libc++";
				CLANG_ENABLE_MODULES = YES;
				CLANG_ENABLE_OBJC_ARC = YES;
				CLANG_ENABLE_OBJC_WEAK = YES;
				CLANG_WARN_BLOCK_CAPTURE_AUTORELEASING = YES;
				CLANG_WARN_BOOL_CONVERSION = YES;
				CLANG_WARN_COMMA = YES;
				CLANG_WARN_CONSTANT_CONVERSION = YES;
				CLANG_WARN_DEPRECATED_OBJC_IMPLEMENTATIONS = YES;
				CLANG_WARN_DIRECT_OBJC_ISA_USAGE = YES_ERROR;
				CLANG_WARN_DOCUMENTATION_COMMENTS = YES;
				CLANG_WARN_EMPTY_BODY = YES;
				CLANG_WARN_ENUM_CONVERSION = YES;
				CLANG_WARN_INFINITE_RECURSION = YES;
				CLANG_WARN_INT_CONVERSION = YES;
				CLANG_WARN_NON_LITERAL_NULL_CONVERSION = YES;
				CLANG_WARN_OBJC_IMPLICIT_RETAIN_SELF = YES;
				CLANG_WARN_OBJC_LITERAL_CONVERSION = YES;
				CLANG_WARN_OBJC_ROOT_CLASS = YES_ERROR;
				CLANG_WARN_QUOTED_INCLUDE_IN_FRAMEWORK_HEADER = YES;
				CLANG_WARN_RANGE_LOOP_ANALYSIS = YES;
				CLANG_WARN_STRICT_PROTOTYPES = YES;
				CLANG_WARN_SUSPICIOUS_MOVE = YES;
				CLANG_WARN_UNGUARDED_AVAILABILITY = YES_AGGRESSIVE;
				CLANG_WARN_UNREACHABLE_CODE = YES;
				CLANG_WARN__DUPLICATE_METHOD_MATCH = YES;
				COPY_PHASE_STRIP = NO;
				DEBUG_INFORMATION_FORMAT = "dwarf-with-dsym";
				ENABLE_NS_ASSERTIONS = NO;
				ENABLE_STRICT_OBJC_MSGSEND = YES;
				GCC_C_LANGUAGE_STANDARD = gnu11;
				GCC_NO_COMMON_BLOCKS = YES;
				GCC_WARN_64_TO_32_BIT_CONVERSION = YES;
				GCC_WARN_ABOUT_RETURN_TYPE = YES_ERROR;
				GCC_WARN_UNDECLARED_SELECTOR = YES;
				GCC_WARN_UNINITIALIZED_AUTOS = YES_AGGRESSIVE;
				GCC_WARN_UNUSED_FUNCTION = YES;
				GCC_WARN_UNUSED_VARIABLE = YES;
				"IPHONEOS_DEPLOYMENT_TARGET[sdk=iphoneos*]" = "";
				MTL_ENABLE_DEBUG_INFO = NO;
				MTL_FAST_MATH = YES;
				SWIFT_COMPILATION_MODE = wholemodule;
				SWIFT_OPTIMIZATION_LEVEL = "-O";
			};
			name = Release;
		};
		3AE332472582A02B00FBDB3E /* Debug */ = {
			isa = XCBuildConfiguration;
			buildSettings = {
				ASSETCATALOG_COMPILER_APPICON_NAME = AppIcon;
				ASSETCATALOG_COMPILER_GLOBAL_ACCENT_COLOR_NAME = AccentColor;
				ASSETCATALOG_COMPILER_INCLUDE_ALL_APPICON_ASSETS = YES;
				CODE_SIGN_ENTITLEMENTS = "Universal App (iOS).entitlements";
				CODE_SIGN_STYLE = Automatic;
				DEVELOPMENT_TEAM = M684FYCYG6;
				ENABLE_PREVIEWS = YES;
				INFOPLIST_FILE = "iOS/Info-ios.plist";
				IPHONEOS_DEPLOYMENT_TARGET = 15.5;
				LD_RUNPATH_SEARCH_PATHS = (
					"$(inherited)",
					"@executable_path/Frameworks",
				);
				PRODUCT_BUNDLE_IDENTIFIER = dev.bitcoincore.ios.vinux;
				PRODUCT_NAME = Vinux;
				SDKROOT = iphoneos;
				SUPPORTS_MACCATALYST = NO;
				SWIFT_VERSION = 5.0;
				TARGETED_DEVICE_FAMILY = "1,2";
			};
			name = Debug;
		};
		3AE332482582A02B00FBDB3E /* Release */ = {
			isa = XCBuildConfiguration;
			buildSettings = {
				ASSETCATALOG_COMPILER_APPICON_NAME = AppIcon;
				ASSETCATALOG_COMPILER_GLOBAL_ACCENT_COLOR_NAME = AccentColor;
				ASSETCATALOG_COMPILER_INCLUDE_ALL_APPICON_ASSETS = YES;
				CODE_SIGN_ENTITLEMENTS = "Vinux.app (iOS)Release.entitlements";
				CODE_SIGN_STYLE = Automatic;
				DEVELOPMENT_TEAM = M684FYCYG6;
				ENABLE_PREVIEWS = YES;
				INFOPLIST_FILE = "iOS/Info-ios.plist";
				IPHONEOS_DEPLOYMENT_TARGET = 15.5;
				LD_RUNPATH_SEARCH_PATHS = (
					"$(inherited)",
					"@executable_path/Frameworks",
				);
				PRODUCT_BUNDLE_IDENTIFIER = dev.bitcoincore.ios.vinux;
				PRODUCT_NAME = Vinux;
				SDKROOT = iphoneos;
				SUPPORTS_MACCATALYST = NO;
				SWIFT_VERSION = 5.0;
				TARGETED_DEVICE_FAMILY = "1,2";
				VALIDATE_PRODUCT = YES;
			};
			name = Release;
		};
		3AE3324A2582A02B00FBDB3E /* Debug */ = {
			isa = XCBuildConfiguration;
			buildSettings = {
				ASSETCATALOG_COMPILER_APPICON_NAME = AppIcon;
				ASSETCATALOG_COMPILER_GLOBAL_ACCENT_COLOR_NAME = AccentColor;
				ASSETCATALOG_COMPILER_INCLUDE_ALL_APPICON_ASSETS = YES;
				CODE_SIGN_ENTITLEMENTS = macOS/macOS.entitlements;
				CODE_SIGN_IDENTITY = "Apple Development";
				CODE_SIGN_STYLE = Automatic;
				COMBINE_HIDPI_IMAGES = YES;
				DEVELOPMENT_TEAM = M684FYCYG6;
				ENABLE_HARDENED_RUNTIME = YES;
				ENABLE_PREVIEWS = YES;
				INFOPLIST_FILE = "macOS/Info-macos.plist";
				LD_RUNPATH_SEARCH_PATHS = (
					"$(inherited)",
					"@executable_path/../Frameworks",
				);
				PRODUCT_BUNDLE_IDENTIFIER = dev.bitcoincore.macos.vinux;
				PRODUCT_NAME = Vinux;
				SDKROOT = macosx;
				SWIFT_VERSION = 5.0;
			};
			name = Debug;
		};
		3AE3324B2582A02B00FBDB3E /* Release */ = {
			isa = XCBuildConfiguration;
			buildSettings = {
				ASSETCATALOG_COMPILER_APPICON_NAME = AppIcon;
				ASSETCATALOG_COMPILER_GLOBAL_ACCENT_COLOR_NAME = AccentColor;
				ASSETCATALOG_COMPILER_INCLUDE_ALL_APPICON_ASSETS = YES;
				CODE_SIGN_ENTITLEMENTS = macOS/macOS.entitlements;
				CODE_SIGN_IDENTITY = "Apple Development";
				CODE_SIGN_STYLE = Automatic;
				COMBINE_HIDPI_IMAGES = YES;
				DEVELOPMENT_TEAM = M684FYCYG6;
				ENABLE_HARDENED_RUNTIME = YES;
				ENABLE_PREVIEWS = YES;
				INFOPLIST_FILE = "macOS/Info-macos.plist";
				LD_RUNPATH_SEARCH_PATHS = (
					"$(inherited)",
					"@executable_path/../Frameworks",
				);
				PRODUCT_BUNDLE_IDENTIFIER = dev.bitcoincore.macos.vinux;
				PRODUCT_NAME = Vinux;
				SDKROOT = macosx;
				SWIFT_VERSION = 5.0;
			};
			name = Release;
		};
/* End XCBuildConfiguration section */

/* Begin XCConfigurationList section */
		3AE332292582A02900FBDB3E /* Build configuration list for PBXProject "Vinux" */ = {
			isa = XCConfigurationList;
			buildConfigurations = (
				3AE332442582A02B00FBDB3E /* Debug */,
				3AE332452582A02B00FBDB3E /* Release */,
			);
			defaultConfigurationIsVisible = 0;
			defaultConfigurationName = Release;
		};
		3AE332462582A02B00FBDB3E /* Build configuration list for PBXNativeTarget "Vinux (iOS)" */ = {
			isa = XCConfigurationList;
			buildConfigurations = (
				3AE332472582A02B00FBDB3E /* Debug */,
				3AE332482582A02B00FBDB3E /* Release */,
			);
			defaultConfigurationIsVisible = 0;
			defaultConfigurationName = Release;
		};
		3AE332492582A02B00FBDB3E /* Build configuration list for PBXNativeTarget "Vinux (macOS)" */ = {
			isa = XCConfigurationList;
			buildConfigurations = (
				3AE3324A2582A02B00FBDB3E /* Debug */,
				3AE3324B2582A02B00FBDB3E /* Release */,
			);
			defaultConfigurationIsVisible = 0;
			defaultConfigurationName = Release;
		};
/* End XCConfigurationList section */

/* Begin XCRemoteSwiftPackageReference section */
		4B4CC1E8289381A2001F6FB4 /* XCRemoteSwiftPackageReference "Starscream" */ = {
			isa = XCRemoteSwiftPackageReference;
			repositoryURL = "https://github.com/daltoniam/Starscream.git";
			requirement = {
				branch = 4.0.4;
				kind = branch;
			};
		};
		4BE04AAD289858B700E710CF /* XCRemoteSwiftPackageReference "secp256k1" */ = {
			isa = XCRemoteSwiftPackageReference;
			repositoryURL = "https://github.com/jb55/secp256k1.swift";
			requirement = {
				branch = main;
				kind = branch;
			};
		};
/* End XCRemoteSwiftPackageReference section */

/* Begin XCSwiftPackageProductDependency section */
		4B4CC1E9289381A2001F6FB4 /* Starscream */ = {
			isa = XCSwiftPackageProductDependency;
			package = 4B4CC1E8289381A2001F6FB4 /* XCRemoteSwiftPackageReference "Starscream" */;
			productName = Starscream;
		};
		4BE04AAE289858B700E710CF /* secp256k1 */ = {
			isa = XCSwiftPackageProductDependency;
			package = 4BE04AAD289858B700E710CF /* XCRemoteSwiftPackageReference "secp256k1" */;
			productName = secp256k1;
		};
		4BE04AB128985AA300E710CF /* secp256k1 */ = {
			isa = XCSwiftPackageProductDependency;
			package = 4BE04AAD289858B700E710CF /* XCRemoteSwiftPackageReference "secp256k1" */;
			productName = secp256k1;
		};
		4BE04AB328985AA700E710CF /* Starscream */ = {
			isa = XCSwiftPackageProductDependency;
			package = 4B4CC1E8289381A2001F6FB4 /* XCRemoteSwiftPackageReference "Starscream" */;
			productName = Starscream;
		};
/* End XCSwiftPackageProductDependency section */
	};
	rootObject = 3AE332262582A02900FBDB3E /* Project object */;
}
